<?xml version="1.0"?>
<CONFIG>
  <ProjectOptions>
    <Version Value="9"/>
    <PathDelim Value="\"/>
    <General>
      <Flags>
        <MainUnitHasCreateFormStatements Value="False"/>
        <MainUnitHasTitleStatement Value="False"/>
        <LRSInOutputDirectory Value="False"/>
      </Flags>
      <MainUnit Value="0"/>
      <UseXPManifest Value="True"/>
      <ActiveWindowIndexAtStart Value="0"/>
    </General>
    <VersionInfo>
      <Language Value=""/>
      <CharSet Value=""/>
      <StringTable ProductVersion=""/>
    </VersionInfo>
    <BuildModes Count="1">
      <Item1 Name="default" Default="True"/>
    </BuildModes>
    <PublishOptions>
      <Version Value="2"/>
      <IgnoreBinaries Value="False"/>
      <IncludeFileFilter Value="*.(pas|pp|inc|lfm|lpr|lrs|lpi|lpk|sh|xml)"/>
      <ExcludeFileFilter Value="*.(bak|ppu|ppw|o|so);*~;backup"/>
    </PublishOptions>
    <RunParams>
      <local>
        <FormatVersion Value="1"/>
        <LaunchingApplication PathPlusParams="/usr/X11R6/bin/xterm -T 'Lazarus Run Output' -e $(LazarusDir)/tools/runwait.sh $(TargetCmdLine)"/>
      </local>
    </RunParams>
    <Units Count="40">
      <Unit0>
        <Filename Value="gpucore.lpr"/>
        <IsPartOfProject Value="True"/>
        <UnitName Value="gpucore"/>
        <EditorIndex Value="0"/>
        <WindowIndex Value="0"/>
        <TopLine Value="1"/>
        <CursorPos X="71" Y="28"/>
        <UsageCount Value="32"/>
        <Loaded Value="True"/>
        <LoadedDesigner Value="True"/>
      </Unit0>
      <Unit1>
        <Filename Value="..\packages\own\tgpu\TGPU_component.pas"/>
        <UnitName Value="TGPU_component"/>
        <TopLine Value="232"/>
        <CursorPos X="16" Y="238"/>
        <UsageCount Value="10"/>
      </Unit1>
      <Unit2>
        <Filename Value="..\packages\own\tgpu\PluginManager.pas"/>
        <UnitName Value="PluginManager"/>
        <TopLine Value="287"/>
        <CursorPos X="30" Y="303"/>
        <UsageCount Value="10"/>
      </Unit2>
      <Unit3>
        <Filename Value="..\packages\own\tgpu\definitions.pas"/>
        <UnitName Value="definitions"/>
        <TopLine Value="21"/>
        <CursorPos X="66" Y="32"/>
        <UsageCount Value="10"/>
      </Unit3>
      <Unit4>
        <Filename Value="..\lib\own\libclimate\climaconstants.pas"/>
        <UnitName Value="climaconstants"/>
        <TopLine Value="1"/>
        <CursorPos X="1" Y="1"/>
        <UsageCount Value="9"/>
      </Unit4>
      <Unit5>
        <Filename Value="..\lib\own\libclimate\datastructure.pas"/>
        <UnitName Value="datastructure"/>
        <TopLine Value="16"/>
        <CursorPos X="1" Y="1"/>
        <UsageCount Value="9"/>
      </Unit5>
      <Unit6>
        <Filename Value="..\plugins\basic\basicdll.pas"/>
        <UnitName Value="basicdll"/>
        <TopLine Value="1"/>
        <CursorPos X="1" Y="1"/>
        <UsageCount Value="10"/>
      </Unit6>
      <Unit7>
        <Filename Value="..\packages\own\tgpu\gpu_utils.pas"/>
        <UnitName Value="gpu_utils"/>
        <TopLine Value="1"/>
        <CursorPos X="21" Y="20"/>
        <UsageCount Value="10"/>
      </Unit7>
      <Unit8>
        <Filename Value="..\packages\own\tgpu\ComputationThread.pas"/>
        <UnitName Value="ComputationThread"/>
        <TopLine Value="472"/>
        <CursorPos X="13" Y="488"/>
        <UsageCount Value="10"/>
      </Unit8>
      <Unit9>
        <Filename Value="..\lib\own\misc\common.pas"/>
        <UnitName Value="common"/>
        <TopLine Value="9"/>
        <CursorPos X="1" Y="19"/>
        <UsageCount Value="10"/>
      </Unit9>
      <Unit10>
        <Filename Value="..\packages\own\tgpu\FrontendManager.pas"/>
        <UnitName Value="FrontendManager"/>
        <TopLine Value="33"/>
        <CursorPos X="1" Y="61"/>
        <UsageCount Value="9"/>
      </Unit10>
      <Unit11>
        <Filename Value="..\lib\own\coremodules\coremodules.pas"/>
        <UnitName Value="coremodules"/>
        <TopLine Value="41"/>
        <CursorPos X="15" Y="63"/>
        <UsageCount Value="10"/>
      </Unit11>
      <Unit12>
        <Filename Value="..\lib\own\coreservices\servicefactories.pas"/>
        <UnitName Value="servicefactories"/>
        <EditorIndex Value="8"/>
        <WindowIndex Value="0"/>
        <TopLine Value="4"/>
        <CursorPos X="14" Y="27"/>
        <UsageCount Value="11"/>
        <Loaded Value="True"/>
      </Unit12>
      <Unit13>
        <Filename Value="..\lib\own\misc\loggers.pas"/>
        <UnitName Value="loggers"/>
        <WindowIndex Value="0"/>
        <TopLine Value="122"/>
        <CursorPos X="10" Y="146"/>
        <UsageCount Value="10"/>
      </Unit13>
      <Unit14>
        <Filename Value="..\lib\own\coremodules\test\testpluginmanagers.pas"/>
        <UnitName Value="testpluginmanagers"/>
        <TopLine Value="1"/>
        <CursorPos X="1" Y="1"/>
        <UsageCount Value="10"/>
      </Unit14>
      <Unit15>
        <Filename Value="..\lib\own\coremodules\plugins.pas"/>
        <UnitName Value="plugins"/>
        <TopLine Value="1"/>
        <CursorPos X="48" Y="12"/>
        <UsageCount Value="10"/>
      </Unit15>
      <Unit16>
        <Filename Value="..\lib\own\misc\downloadutils.pas"/>
        <UnitName Value="downloadutils"/>
        <TopLine Value="1"/>
        <CursorPos X="55" Y="19"/>
        <UsageCount Value="10"/>
      </Unit16>
      <Unit17>
        <Filename Value="..\lib\own\coreservices\servermanagers.pas"/>
        <UnitName Value="servermanagers"/>
        <TopLine Value="87"/>
        <CursorPos X="1" Y="109"/>
        <UsageCount Value="10"/>
      </Unit17>
      <Unit18>
        <Filename Value="..\..\..\..\gpu_solar\lib\libclimate\initmodel.pas"/>
        <UnitName Value="initmodel"/>
        <TopLine Value="1"/>
        <CursorPos X="1" Y="1"/>
        <UsageCount Value="10"/>
      </Unit18>
      <Unit19>
        <Filename Value="..\lib\own\coreservices\coreconfigurations.pas"/>
        <UnitName Value="coreconfigurations"/>
        <EditorIndex Value="1"/>
        <WindowIndex Value="0"/>
        <TopLine Value="96"/>
        <CursorPos X="141" Y="111"/>
        <UsageCount Value="11"/>
        <Loaded Value="True"/>
      </Unit19>
      <Unit20>
        <Filename Value="..\lib\own\coredb\dbtablemanagers.pas"/>
        <UnitName Value="dbtablemanagers"/>
        <EditorIndex Value="11"/>
        <WindowIndex Value="0"/>
        <TopLine Value="92"/>
        <CursorPos X="22" Y="133"/>
        <UsageCount Value="14"/>
        <Loaded Value="True"/>
      </Unit20>
      <Unit21>
        <Filename Value="..\lib\own\misc\testconstants.pas"/>
        <UnitName Value="testconstants"/>
        <TopLine Value="1"/>
        <CursorPos X="1" Y="1"/>
        <UsageCount Value="10"/>
      </Unit21>
      <Unit22>
        <Filename Value="..\lib\own\coremodules\coreobjects.pas"/>
        <UnitName Value="coreobjects"/>
        <EditorIndex Value="12"/>
        <WindowIndex Value="0"/>
        <TopLine Value="8"/>
        <CursorPos X="11" Y="30"/>
        <UsageCount Value="13"/>
        <Loaded Value="True"/>
      </Unit22>
      <Unit23>
        <Filename Value="coreloops.pas"/>
        <UnitName Value="coreloops"/>
        <EditorIndex Value="2"/>
        <WindowIndex Value="0"/>
        <TopLine Value="40"/>
        <CursorPos X="9" Y="86"/>
        <UsageCount Value="14"/>
        <Loaded Value="True"/>
      </Unit23>
      <Unit24>
        <Filename Value="..\lib\own\coreservices\receivejobresultservices.pas"/>
        <UnitName Value="receivejobresultservices"/>
        <WindowIndex Value="0"/>
        <TopLine Value="6"/>
        <CursorPos X="4" Y="28"/>
        <UsageCount Value="9"/>
      </Unit24>
      <Unit25>
        <Filename Value="..\lib\own\coreservices\receiveserverservices.pas"/>
        <UnitName Value="receiveserverservices"/>
        <EditorIndex Value="3"/>
        <WindowIndex Value="0"/>
        <TopLine Value="67"/>
        <CursorPos X="24" Y="99"/>
        <UsageCount Value="10"/>
        <Loaded Value="True"/>
      </Unit25>
      <Unit26>
        <Filename Value="..\lib\own\coreservices\servicemanagers.pas"/>
        <UnitName Value="servicemanagers"/>
        <WindowIndex Value="0"/>
        <TopLine Value="41"/>
        <CursorPos X="25" Y="62"/>
        <UsageCount Value="9"/>
      </Unit26>
      <Unit27>
        <Filename Value="..\lib\own\coreservices\receiveclientservices.pas"/>
        <UnitName Value="receiveclientservices"/>
        <EditorIndex Value="10"/>
        <WindowIndex Value="0"/>
        <TopLine Value="32"/>
        <CursorPos X="61" Y="74"/>
        <UsageCount Value="10"/>
        <Loaded Value="True"/>
      </Unit27>
      <Unit28>
        <Filename Value="..\lib\own\coredb\clienttables.pas"/>
        <UnitName Value="clienttables"/>
        <EditorIndex Value="6"/>
        <WindowIndex Value="0"/>
        <TopLine Value="34"/>
        <CursorPos X="24" Y="22"/>
        <UsageCount Value="10"/>
        <Loaded Value="True"/>
      </Unit28>
      <Unit29>
        <Filename Value="..\lib\own\coreservices\transmitclientservices.pas"/>
        <UnitName Value="transmitclientservices"/>
        <WindowIndex Value="0"/>
        <TopLine Value="59"/>
        <CursorPos X="41" Y="80"/>
        <UsageCount Value="9"/>
      </Unit29>
      <Unit30>
        <Filename Value="..\lib\own\misc\lockfiles.pas"/>
        <UnitName Value="lockfiles"/>
        <EditorIndex Value="14"/>
        <WindowIndex Value="0"/>
        <TopLine Value="13"/>
        <CursorPos X="3" Y="2"/>
        <UsageCount Value="14"/>
        <Loaded Value="True"/>
      </Unit30>
      <Unit31>
        <Filename Value="coremonitors.pas"/>
        <UnitName Value="coremonitors"/>
        <EditorIndex Value="13"/>
        <WindowIndex Value="0"/>
        <TopLine Value="7"/>
        <CursorPos X="66" Y="40"/>
        <UsageCount Value="14"/>
        <Loaded Value="True"/>
      </Unit31>
      <Unit32>
        <Filename Value="D:\met\apps\lazarus\fpc\2.6.0\source\rtl\inc\objpash.inc"/>
        <WindowIndex Value="0"/>
        <TopLine Value="179"/>
        <CursorPos X="21" Y="201"/>
        <UsageCount Value="14"/>
      </Unit32>
      <Unit33>
        <Filename Value="..\..\..\bin\start.bat"/>
        <WindowIndex Value="0"/>
        <TopLine Value="1"/>
        <CursorPos X="1" Y="1"/>
        <UsageCount Value="11"/>
        <DefaultSyntaxHighlighter Value="Bat"/>
      </Unit33>
      <Unit34>
        <Filename Value="..\..\..\bin\stop.bat"/>
        <WindowIndex Value="0"/>
        <TopLine Value="1"/>
        <CursorPos X="20" Y="1"/>
        <UsageCount Value="11"/>
        <DefaultSyntaxHighlighter Value="Bat"/>
      </Unit34>
      <Unit35>
        <Filename Value="..\..\..\bin\reset.bat"/>
        <WindowIndex Value="0"/>
        <TopLine Value="1"/>
        <CursorPos X="21" Y="5"/>
        <UsageCount Value="11"/>
        <DefaultSyntaxHighlighter Value="Bat"/>
      </Unit35>
      <Unit36>
        <Filename Value="..\lib\own\coreservices\receiveparamservices.pas"/>
        <UnitName Value="receiveparamservices"/>
        <EditorIndex Value="9"/>
        <WindowIndex Value="0"/>
        <TopLine Value="28"/>
        <CursorPos X="1" Y="45"/>
        <UsageCount Value="11"/>
        <Loaded Value="True"/>
      </Unit36>
      <Unit37>
        <Filename Value="..\lib\own\coreservices\coreservices.pas"/>
        <UnitName Value="coreservices"/>
        <EditorIndex Value="7"/>
        <WindowIndex Value="0"/>
        <TopLine Value="32"/>
        <CursorPos X="14" Y="54"/>
        <UsageCount Value="10"/>
        <Loaded Value="True"/>
      </Unit37>
      <Unit38>
        <Filename Value="..\lib\own\coredb\servertables.pas"/>
        <UnitName Value="servertables"/>
        <EditorIndex Value="4"/>
        <WindowIndex Value="0"/>
        <TopLine Value="1"/>
        <CursorPos X="28" Y="74"/>
        <UsageCount Value="10"/>
        <Loaded Value="True"/>
      </Unit38>
      <Unit39>
        <Filename Value="..\lib\own\coredb\parametertables.pas"/>
        <UnitName Value="parametertables"/>
        <IsVisibleTab Value="True"/>
        <EditorIndex Value="5"/>
        <WindowIndex Value="0"/>
        <TopLine Value="16"/>
        <CursorPos X="17" Y="28"/>
        <UsageCount Value="10"/>
        <Loaded Value="True"/>
      </Unit39>
    </Units>
    <JumpHistory Count="30" HistoryIndex="29">
      <Position1>
        <Filename Value="coreloops.pas"/>
        <Caret Line="74" Column="5" TopLine="63"/>
      </Position1>
      <Position2>
        <Filename Value="coreloops.pas"/>
        <Caret Line="139" Column="52" TopLine="111"/>
      </Position2>
      <Position3>
        <Filename Value="coreloops.pas"/>
        <Caret Line="143" Column="112" TopLine="117"/>
      </Position3>
      <Position4>
        <Filename Value="..\lib\own\coreservices\receiveserverservices.pas"/>
        <Caret Line="92" Column="41" TopLine="64"/>
      </Position4>
      <Position5>
        <Filename Value="..\lib\own\coreservices\receiveclientservices.pas"/>
        <Caret Line="74" Column="61" TopLine="66"/>
      </Position5>
      <Position6>
        <Filename Value="..\lib\own\coreservices\receiveserverservices.pas"/>
        <Caret Line="51" Column="28" TopLine="35"/>
      </Position6>
      <Position7>
        <Filename Value="..\lib\own\coredb\servertables.pas"/>
        <Caret Line="14" Column="11" TopLine="1"/>
      </Position7>
      <Position8>
        <Filename Value="..\lib\own\coredb\servertables.pas"/>
        <Caret Line="6" Column="20" TopLine="1"/>
      </Position8>
      <Position9>
        <Filename Value="..\lib\own\coredb\servertables.pas"/>
        <Caret Line="54" Column="68" TopLine="34"/>
      </Position9>
      <Position10>
        <Filename Value="..\lib\own\coredb\servertables.pas"/>
        <Caret Line="103" Column="59" TopLine="81"/>
      </Position10>
      <Position11>
        <Filename Value="..\lib\own\coreservices\receiveserverservices.pas"/>
        <Caret Line="51" Column="74" TopLine="29"/>
      </Position11>
      <Position12>
        <Filename Value="..\lib\own\coreservices\receiveserverservices.pas"/>
        <Caret Line="39" Column="131" TopLine="1"/>
      </Position12>
      <Position13>
        <Filename Value="..\lib\own\coredb\servertables.pas"/>
        <Caret Line="23" Column="31" TopLine="1"/>
      </Position13>
      <Position14>
        <Filename Value="..\lib\own\coreservices\receiveserverservices.pas"/>
        <Caret Line="39" Column="131" TopLine="1"/>
      </Position14>
      <Position15>
        <Filename Value="..\lib\own\coreservices\receiveserverservices.pas"/>
        <Caret Line="61" Column="16" TopLine="39"/>
      </Position15>
      <Position16>
        <Filename Value="..\lib\own\coreservices\receiveserverservices.pas"/>
        <Caret Line="60" Column="81" TopLine="37"/>
      </Position16>
      <Position17>
        <Filename Value="..\lib\own\coredb\servertables.pas"/>
        <Caret Line="28" Column="8" TopLine="3"/>
      </Position17>
      <Position18>
        <Filename Value="..\lib\own\coreservices\receiveserverservices.pas"/>
        <Caret Line="17" Column="81" TopLine="1"/>
      </Position18>
      <Position19>
        <Filename Value="..\lib\own\coreservices\receiveserverservices.pas"/>
        <Caret Line="66" Column="63" TopLine="45"/>
      </Position19>
      <Position20>
        <Filename Value="coreloops.pas"/>
        <Caret Line="148" Column="41" TopLine="118"/>
      </Position20>
      <Position21>
        <Filename Value="coreloops.pas"/>
        <Caret Line="36" Column="32" TopLine="13"/>
      </Position21>
      <Position22>
        <Filename Value="coreloops.pas"/>
        <Caret Line="141" Column="110" TopLine="112"/>
      </Position22>
      <Position23>
        <Filename Value="..\lib\own\coredb\parametertables.pas"/>
        <Caret Line="26" Column="85" TopLine="11"/>
      </Position23>
      <Position24>
        <Filename Value="coreloops.pas"/>
        <Caret Line="86" Column="9" TopLine="40"/>
      </Position24>
      <Position25>
        <Filename Value="..\lib\own\coremodules\coreobjects.pas"/>
        <Caret Line="30" Column="11" TopLine="8"/>
      </Position25>
      <Position26>
        <Filename Value="..\lib\own\coredb\dbtablemanagers.pas"/>
        <Caret Line="33" Column="1" TopLine="13"/>
      </Position26>
      <Position27>
        <Filename Value="..\lib\own\coredb\parametertables.pas"/>
        <Caret Line="71" Column="64" TopLine="1"/>
      </Position27>
      <Position28>
        <Filename Value="..\lib\own\coredb\parametertables.pas"/>
        <Caret Line="80" Column="19" TopLine="69"/>
      </Position28>
      <Position29>
        <Filename Value="..\lib\own\coredb\parametertables.pas"/>
        <Caret Line="13" Column="29" TopLine="6"/>
      </Position29>
      <Position30>
        <Filename Value="..\lib\own\coredb\parametertables.pas"/>
        <Caret Line="69" Column="45" TopLine="47"/>
      </Position30>
    </JumpHistory>
  </ProjectOptions>
  <CompilerOptions>
    <Version Value="11"/>
    <PathDelim Value="\"/>
    <SearchPaths>
      <OtherUnitFiles Value="..\lib\own\misc;..\lib\own\coremodules;..\lib\own\coreservices;..\lib\ext\synapse\src\lib;..\lib\own\coredb"/>
      <UnitOutputDirectory Value="..\..\..\bin"/>
    </SearchPaths>
    <Parsing>
      <SyntaxOptions>
        <CStyleOperator Value="False"/>
        <UseAnsiStrings Value="False"/>
      </SyntaxOptions>
    </Parsing>
    <CodeGeneration>
      <Checks>
        <IOChecks Value="True"/>
        <RangeChecks Value="True"/>
        <OverflowChecks Value="True"/>
        <StackChecks Value="True"/>
      </Checks>
      <VerifyObjMethodCallValidity Value="True"/>
    </CodeGeneration>
    <Other>
      <Verbosity>
        <ShowDebugInfo Value="True"/>
      </Verbosity>
      <CompilerPath Value="$(CompPath)"/>
    </Other>
  </CompilerOptions>
  <Debugging>
    <Exceptions Count="3">
      <Item1>
        <Name Value="EAbort"/>
      </Item1>
      <Item2>
        <Name Value="ECodetoolError"/>
      </Item2>
      <Item3>
        <Name Value="EFOpenError"/>
      </Item3>
    </Exceptions>
  </Debugging>
</CONFIG>
