<?xml version="1.0"?>
<CONFIG>
  <ProjectOptions>
    <PathDelim Value="\"/>
    <Version Value="6"/>
    <General>
      <Flags>
        <MainUnitHasCreateFormStatements Value="False"/>
        <MainUnitHasTitleStatement Value="False"/>
      </Flags>
      <MainUnit Value="0"/>
      <IconPath Value="./"/>
      <TargetFileExt Value=".exe"/>
      <UseXPManifest Value="True"/>
      <ActiveEditorIndexAtStart Value="0"/>
    </General>
    <VersionInfo>
      <ProjectVersion Value=""/>
      <Language Value=""/>
      <CharSet Value=""/>
    </VersionInfo>
    <PublishOptions>
      <Version Value="2"/>
      <IgnoreBinaries Value="False"/>
      <IncludeFileFilter Value="*.(pas|pp|inc|lfm|lpr|lrs|lpi|lpk|sh|xml)"/>
      <ExcludeFileFilter Value="*.(bak|ppu|ppw|o|so);*~;backup"/>
    </PublishOptions>
    <RunParams>
      <local>
        <FormatVersion Value="1"/>
        <LaunchingApplication PathPlusParams="/usr/X11R6/bin/xterm -T 'Lazarus Run Output' -e $(LazarusDir)/tools/runwait.sh $(TargetCmdLine)"/>
      </local>
    </RunParams>
    <Units Count="22">
      <Unit0>
        <Filename Value="gpucore.lpr"/>
        <IsPartOfProject Value="True"/>
        <UnitName Value="gpucore"/>
        <CursorPos X="22" Y="84"/>
        <TopLine Value="60"/>
        <EditorIndex Value="0"/>
        <UsageCount Value="23"/>
        <Loaded Value="True"/>
      </Unit0>
      <Unit1>
        <Filename Value="..\packages\own\tgpu\TGPU_component.pas"/>
        <UnitName Value="TGPU_component"/>
        <CursorPos X="16" Y="238"/>
        <TopLine Value="232"/>
        <UsageCount Value="11"/>
      </Unit1>
      <Unit2>
        <Filename Value="..\packages\own\tgpu\PluginManager.pas"/>
        <UnitName Value="PluginManager"/>
        <CursorPos X="30" Y="303"/>
        <TopLine Value="287"/>
        <UsageCount Value="11"/>
      </Unit2>
      <Unit3>
        <Filename Value="..\packages\own\tgpu\definitions.pas"/>
        <UnitName Value="definitions"/>
        <CursorPos X="66" Y="32"/>
        <TopLine Value="21"/>
        <UsageCount Value="11"/>
      </Unit3>
      <Unit4>
        <Filename Value="..\lib\own\libclimate\climaconstants.pas"/>
        <UnitName Value="climaconstants"/>
        <CursorPos X="1" Y="1"/>
        <TopLine Value="1"/>
        <UsageCount Value="10"/>
      </Unit4>
      <Unit5>
        <Filename Value="..\lib\own\libclimate\datastructure.pas"/>
        <UnitName Value="datastructure"/>
        <CursorPos X="1" Y="1"/>
        <TopLine Value="16"/>
        <UsageCount Value="10"/>
      </Unit5>
      <Unit6>
        <Filename Value="..\plugins\basic\basicdll.pas"/>
        <UnitName Value="basicdll"/>
        <CursorPos X="1" Y="1"/>
        <TopLine Value="1"/>
        <UsageCount Value="11"/>
      </Unit6>
      <Unit7>
        <Filename Value="..\packages\own\tgpu\gpu_utils.pas"/>
        <UnitName Value="gpu_utils"/>
        <CursorPos X="21" Y="20"/>
        <TopLine Value="1"/>
        <UsageCount Value="11"/>
      </Unit7>
      <Unit8>
        <Filename Value="..\packages\own\tgpu\ComputationThread.pas"/>
        <UnitName Value="ComputationThread"/>
        <CursorPos X="13" Y="488"/>
        <TopLine Value="472"/>
        <UsageCount Value="11"/>
      </Unit8>
      <Unit9>
        <Filename Value="..\lib\own\misc\common.pas"/>
        <UnitName Value="common"/>
        <CursorPos X="1" Y="19"/>
        <TopLine Value="9"/>
        <UsageCount Value="11"/>
      </Unit9>
      <Unit10>
        <Filename Value="..\packages\own\tgpu\FrontendManager.pas"/>
        <UnitName Value="FrontendManager"/>
        <CursorPos X="1" Y="61"/>
        <TopLine Value="33"/>
        <UsageCount Value="10"/>
      </Unit10>
      <Unit11>
        <Filename Value="..\lib\own\coremodules\coremodules.pas"/>
        <UnitName Value="coremodules"/>
        <CursorPos X="15" Y="63"/>
        <TopLine Value="27"/>
        <EditorIndex Value="10"/>
        <UsageCount Value="10"/>
        <Loaded Value="True"/>
      </Unit11>
      <Unit12>
        <Filename Value="..\lib\own\coreservices\servicefactories.pas"/>
        <UnitName Value="servicefactories"/>
        <CursorPos X="1" Y="1"/>
        <TopLine Value="9"/>
        <EditorIndex Value="11"/>
        <UsageCount Value="10"/>
        <Loaded Value="True"/>
      </Unit12>
      <Unit13>
        <Filename Value="..\lib\own\misc\loggers.pas"/>
        <UnitName Value="loggers"/>
        <CursorPos X="5" Y="126"/>
        <TopLine Value="1"/>
        <EditorIndex Value="7"/>
        <UsageCount Value="10"/>
        <Loaded Value="True"/>
      </Unit13>
      <Unit14>
        <Filename Value="..\lib\own\coremodules\test\testpluginmanagers.pas"/>
        <UnitName Value="testpluginmanagers"/>
        <CursorPos X="1" Y="1"/>
        <TopLine Value="56"/>
        <EditorIndex Value="6"/>
        <UsageCount Value="10"/>
        <Loaded Value="True"/>
      </Unit14>
      <Unit15>
        <Filename Value="..\lib\own\coremodules\plugins.pas"/>
        <UnitName Value="plugins"/>
        <CursorPos X="48" Y="12"/>
        <TopLine Value="1"/>
        <EditorIndex Value="9"/>
        <UsageCount Value="10"/>
        <Loaded Value="True"/>
      </Unit15>
      <Unit16>
        <Filename Value="..\lib\own\misc\downloadutils.pas"/>
        <UnitName Value="downloadutils"/>
        <CursorPos X="55" Y="19"/>
        <TopLine Value="1"/>
        <EditorIndex Value="8"/>
        <UsageCount Value="10"/>
        <Loaded Value="True"/>
      </Unit16>
      <Unit17>
        <Filename Value="..\lib\own\coreservices\servermanagers.pas"/>
        <UnitName Value="servermanagers"/>
        <CursorPos X="1" Y="109"/>
        <TopLine Value="24"/>
        <EditorIndex Value="5"/>
        <UsageCount Value="10"/>
        <Loaded Value="True"/>
      </Unit17>
      <Unit18>
        <Filename Value="..\..\..\..\gpu_solar\lib\libclimate\initmodel.pas"/>
        <UnitName Value="initmodel"/>
        <CursorPos X="1" Y="1"/>
        <TopLine Value="102"/>
        <EditorIndex Value="4"/>
        <UsageCount Value="10"/>
        <Loaded Value="True"/>
      </Unit18>
      <Unit19>
        <Filename Value="..\lib\own\coreservices\coreconfigurations.pas"/>
        <UnitName Value="coreconfigurations"/>
        <CursorPos X="1" Y="1"/>
        <TopLine Value="1"/>
        <EditorIndex Value="3"/>
        <UsageCount Value="10"/>
        <Loaded Value="True"/>
      </Unit19>
      <Unit20>
        <Filename Value="..\lib\own\coredb\dbtablemanagers.pas"/>
        <UnitName Value="dbtablemanagers"/>
        <CursorPos X="1" Y="1"/>
        <TopLine Value="1"/>
        <EditorIndex Value="2"/>
        <UsageCount Value="10"/>
        <Loaded Value="True"/>
      </Unit20>
      <Unit21>
        <Filename Value="..\lib\own\misc\testconstants.pas"/>
        <UnitName Value="testconstants"/>
        <CursorPos X="1" Y="1"/>
        <TopLine Value="1"/>
        <EditorIndex Value="1"/>
        <UsageCount Value="10"/>
        <Loaded Value="True"/>
      </Unit21>
    </Units>
    <JumpHistory Count="19" HistoryIndex="18">
      <Position1>
        <Filename Value="..\lib\own\misc\loggers.pas"/>
        <Caret Line="1" Column="1" TopLine="1"/>
      </Position1>
      <Position2>
        <Filename Value="..\lib\own\misc\loggers.pas"/>
        <Caret Line="19" Column="63" TopLine="1"/>
      </Position2>
      <Position3>
        <Filename Value="..\lib\own\misc\loggers.pas"/>
        <Caret Line="1" Column="1" TopLine="1"/>
      </Position3>
      <Position4>
        <Filename Value="..\lib\own\misc\loggers.pas"/>
        <Caret Line="12" Column="34" TopLine="1"/>
      </Position4>
      <Position5>
        <Filename Value="..\lib\own\misc\loggers.pas"/>
        <Caret Line="22" Column="63" TopLine="1"/>
      </Position5>
      <Position6>
        <Filename Value="..\lib\own\coremodules\plugins.pas"/>
        <Caret Line="1" Column="1" TopLine="1"/>
      </Position6>
      <Position7>
        <Filename Value="..\lib\own\misc\loggers.pas"/>
        <Caret Line="1" Column="1" TopLine="1"/>
      </Position7>
      <Position8>
        <Filename Value="..\lib\own\misc\loggers.pas"/>
        <Caret Line="12" Column="24" TopLine="1"/>
      </Position8>
      <Position9>
        <Filename Value="..\lib\own\misc\loggers.pas"/>
        <Caret Line="124" Column="5" TopLine="96"/>
      </Position9>
      <Position10>
        <Filename Value="..\lib\own\misc\downloadutils.pas"/>
        <Caret Line="1" Column="1" TopLine="1"/>
      </Position10>
      <Position11>
        <Filename Value="..\lib\own\coremodules\coremodules.pas"/>
        <Caret Line="87" Column="1" TopLine="37"/>
      </Position11>
      <Position12>
        <Filename Value="..\lib\own\coreservices\servermanagers.pas"/>
        <Caret Line="1" Column="1" TopLine="1"/>
      </Position12>
      <Position13>
        <Filename Value="gpucore.lpr"/>
        <Caret Line="71" Column="41" TopLine="50"/>
      </Position13>
      <Position14>
        <Filename Value="gpucore.lpr"/>
        <Caret Line="22" Column="76" TopLine="6"/>
      </Position14>
      <Position15>
        <Filename Value="gpucore.lpr"/>
        <Caret Line="66" Column="36" TopLine="42"/>
      </Position15>
      <Position16>
        <Filename Value="gpucore.lpr"/>
        <Caret Line="69" Column="61" TopLine="46"/>
      </Position16>
      <Position17>
        <Filename Value="gpucore.lpr"/>
        <Caret Line="72" Column="44" TopLine="50"/>
      </Position17>
      <Position18>
        <Filename Value="gpucore.lpr"/>
        <Caret Line="73" Column="80" TopLine="51"/>
      </Position18>
      <Position19>
        <Filename Value="gpucore.lpr"/>
        <Caret Line="62" Column="92" TopLine="38"/>
      </Position19>
    </JumpHistory>
  </ProjectOptions>
  <CompilerOptions>
    <Version Value="8"/>
    <PathDelim Value="\"/>
    <SearchPaths>
      <OtherUnitFiles Value="..\lib\own\misc\;..\lib\own\coremodules\;..\lib\own\coreservices\;..\lib\ext\synapse\src\lib\;..\lib\own\coredb\"/>
      <UnitOutputDirectory Value="..\..\..\bin"/>
    </SearchPaths>
    <Parsing>
      <SyntaxOptions>
        <CStyleOperator Value="False"/>
      </SyntaxOptions>
    </Parsing>
    <Other>
      <CompilerPath Value="$(CompPath)"/>
    </Other>
  </CompilerOptions>
  <Debugging>
    <Exceptions Count="3">
      <Item1>
        <Name Value="EAbort"/>
      </Item1>
      <Item2>
        <Name Value="ECodetoolError"/>
      </Item2>
      <Item3>
        <Name Value="EFOpenError"/>
      </Item3>
    </Exceptions>
  </Debugging>
</CONFIG>
