<?xml version="1.0"?>
<CONFIG>
  <ProjectOptions>
    <Version Value="9"/>
    <PathDelim Value="\"/>
    <General>
      <Flags>
        <LRSInOutputDirectory Value="False"/>
      </Flags>
      <MainUnit Value="0"/>
      <ActiveWindowIndexAtStart Value="0"/>
    </General>
    <VersionInfo>
      <Language Value=""/>
      <CharSet Value=""/>
      <StringTable ProductVersion=""/>
    </VersionInfo>
    <BuildModes Count="1">
      <Item1 Name="default" Default="True"/>
    </BuildModes>
    <PublishOptions>
      <Version Value="2"/>
      <IgnoreBinaries Value="False"/>
      <IncludeFileFilter Value="*.(pas|pp|inc|lfm|lpr|lrs|lpi|lpk|sh|xml)"/>
      <ExcludeFileFilter Value="*.(bak|ppu|ppw|o|so);*~;backup"/>
    </PublishOptions>
    <RunParams>
      <local>
        <FormatVersion Value="1"/>
        <LaunchingApplication PathPlusParams="/usr/X11R6/bin/xterm -T 'Lazarus Run Output' -e $(LazarusDir)/tools/runwait.sh $(TargetCmdLine)"/>
      </local>
    </RunParams>
    <RequiredPackages Count="5">
      <Item1>
        <PackageName Value="DBFLaz"/>
      </Item1>
      <Item2>
        <PackageName Value="MemDSLaz"/>
      </Item2>
      <Item3>
        <PackageName Value="FCL"/>
      </Item3>
      <Item4>
        <PackageName Value="SQLDBLaz"/>
        <MinVersion Major="1" Release="1" Valid="True"/>
      </Item4>
      <Item5>
        <PackageName Value="LCL"/>
      </Item5>
    </RequiredPackages>
    <Units Count="48">
      <Unit0>
        <Filename Value="gpu.lpr"/>
        <IsPartOfProject Value="True"/>
        <UnitName Value="gpu"/>
        <WindowIndex Value="0"/>
        <TopLine Value="1"/>
        <CursorPos X="51" Y="16"/>
        <UsageCount Value="109"/>
      </Unit0>
      <Unit1>
        <Filename Value="mainapp.pas"/>
        <IsPartOfProject Value="True"/>
        <ComponentName Value="GPUMainApp"/>
        <HasResources Value="True"/>
        <ResourceBaseClass Value="Form"/>
        <UnitName Value="mainapp"/>
        <EditorIndex Value="2"/>
        <WindowIndex Value="0"/>
        <TopLine Value="69"/>
        <CursorPos X="6" Y="92"/>
        <UsageCount Value="109"/>
        <Loaded Value="True"/>
        <LoadedDesigner Value="True"/>
      </Unit1>
      <Unit2>
        <Filename Value="..\..\..\..\gpu_solar\lib\libclimate\earthDrawingControl.pas"/>
        <UnitName Value="earthDrawingControl"/>
        <TopLine Value="1"/>
        <CursorPos X="1" Y="1"/>
        <UsageCount Value="5"/>
      </Unit2>
      <Unit3>
        <Filename Value="..\lib\ext\misc\arcball.pas"/>
        <UnitName Value="arcball"/>
        <TopLine Value="1"/>
        <CursorPos X="31" Y="25"/>
        <UsageCount Value="5"/>
      </Unit3>
      <Unit4>
        <Filename Value="..\..\..\..\gpu_solar\lib\libclimate\threeDplots.pas"/>
        <UnitName Value="threeDplots"/>
        <TopLine Value="1"/>
        <CursorPos X="1" Y="1"/>
        <UsageCount Value="5"/>
      </Unit4>
      <Unit5>
        <Filename Value="..\..\..\..\gpu_solar\lib\libclimate\OpenGLWorldControl.pas"/>
        <UnitName Value="OpenGLWorldControl"/>
        <TopLine Value="1"/>
        <CursorPos X="137" Y="10"/>
        <UsageCount Value="5"/>
      </Unit5>
      <Unit6>
        <Filename Value="..\lib\own\libclimate\datastructure.pas"/>
        <UnitName Value="datastructure"/>
        <TopLine Value="18"/>
        <CursorPos X="32" Y="41"/>
        <UsageCount Value="13"/>
      </Unit6>
      <Unit7>
        <Filename Value="..\lib\own\libsphere\texturedrawingcontrol.pas"/>
        <UnitName Value="texturedrawingcontrol"/>
        <TopLine Value="36"/>
        <CursorPos X="41" Y="67"/>
        <UsageCount Value="43"/>
      </Unit7>
      <Unit8>
        <Filename Value="..\lib\own\misc\colors.pas"/>
        <UnitName Value="colors"/>
        <WindowIndex Value="0"/>
        <TopLine Value="1"/>
        <CursorPos X="14" Y="13"/>
        <UsageCount Value="38"/>
      </Unit8>
      <Unit9>
        <Filename Value="..\lib\own\libsphere\texturestructure.pas"/>
        <UnitName Value="texturestructure"/>
        <WindowIndex Value="0"/>
        <TopLine Value="1"/>
        <CursorPos X="1" Y="1"/>
        <UsageCount Value="37"/>
      </Unit9>
      <Unit10>
        <Filename Value="..\lib\own\libsphere\openglspherecontrol.pas"/>
        <UnitName Value="openglspherecontrol"/>
        <WindowIndex Value="0"/>
        <TopLine Value="88"/>
        <CursorPos X="140" Y="116"/>
        <UsageCount Value="35"/>
      </Unit10>
      <Unit11>
        <Filename Value="..\lib\own\libsphere\sphere3dplots.pas"/>
        <UnitName Value="sphere3dplots"/>
        <WindowIndex Value="0"/>
        <TopLine Value="1"/>
        <CursorPos X="11" Y="22"/>
        <UsageCount Value="36"/>
      </Unit11>
      <Unit12>
        <Filename Value="..\lib\own\misc\conversions.pas"/>
        <UnitName Value="conversions"/>
        <TopLine Value="1"/>
        <CursorPos X="17" Y="1"/>
        <UsageCount Value="36"/>
      </Unit12>
      <Unit13>
        <Filename Value="..\lib\own\misc\identities.pas"/>
        <UnitName Value="identities"/>
        <TopLine Value="37"/>
        <CursorPos X="16" Y="59"/>
        <UsageCount Value="36"/>
      </Unit13>
      <Unit14>
        <Filename Value="..\..\..\..\backup\fileschanged.txt"/>
        <WindowIndex Value="0"/>
        <TopLine Value="1"/>
        <CursorPos X="11" Y="6"/>
        <UsageCount Value="37"/>
        <DefaultSyntaxHighlighter Value="None"/>
      </Unit14>
      <Unit15>
        <Filename Value="..\..\..\..\gpu_solar\src\frontend\thedayaftertomorrow\simclimateUnit.pas"/>
        <ComponentName Value="earthForm"/>
        <HasResources Value="True"/>
        <ResourceBaseClass Value="Form"/>
        <UnitName Value="simclimateUnit"/>
        <TopLine Value="253"/>
        <CursorPos X="44" Y="287"/>
        <UsageCount Value="35"/>
      </Unit15>
      <Unit16>
        <Filename Value="netmapperforms.pas"/>
        <IsPartOfProject Value="True"/>
        <ComponentName Value="NetmapperForm"/>
        <HasResources Value="True"/>
        <ResourceBaseClass Value="Form"/>
        <UnitName Value="netmapperforms"/>
        <EditorIndex Value="10"/>
        <WindowIndex Value="0"/>
        <TopLine Value="23"/>
        <CursorPos X="78" Y="27"/>
        <UsageCount Value="88"/>
        <Loaded Value="True"/>
        <LoadedDesigner Value="True"/>
      </Unit16>
      <Unit17>
        <Filename Value="..\lib\own\libsphere\earthtextures.pas"/>
        <UnitName Value="earthtextures"/>
        <WindowIndex Value="0"/>
        <TopLine Value="9"/>
        <CursorPos X="4" Y="24"/>
        <UsageCount Value="33"/>
      </Unit17>
      <Unit18>
        <Filename Value="chatforms.pas"/>
        <IsPartOfProject Value="True"/>
        <ComponentName Value="ChatForm"/>
        <HasResources Value="True"/>
        <ResourceBaseClass Value="Form"/>
        <UnitName Value="chatforms"/>
        <EditorIndex Value="9"/>
        <WindowIndex Value="0"/>
        <TopLine Value="42"/>
        <CursorPos X="65" Y="45"/>
        <UsageCount Value="80"/>
        <Loaded Value="True"/>
      </Unit18>
      <Unit19>
        <Filename Value="parametersforms.pas"/>
        <IsPartOfProject Value="True"/>
        <ComponentName Value="ParametersForm"/>
        <HasResources Value="True"/>
        <ResourceBaseClass Value="Form"/>
        <UnitName Value="parametersforms"/>
        <EditorIndex Value="11"/>
        <WindowIndex Value="0"/>
        <TopLine Value="55"/>
        <CursorPos X="19" Y="91"/>
        <UsageCount Value="72"/>
        <Loaded Value="True"/>
      </Unit19>
      <Unit20>
        <Filename Value="..\lib\own\coreservices\coreconfigurations.pas"/>
        <UnitName Value="coreconfigurations"/>
        <EditorIndex Value="3"/>
        <WindowIndex Value="0"/>
        <TopLine Value="58"/>
        <CursorPos X="58" Y="81"/>
        <UsageCount Value="21"/>
        <Loaded Value="True"/>
      </Unit20>
      <Unit21>
        <Filename Value="coreobjects.pas"/>
        <UnitName Value="coreobjects"/>
        <TopLine Value="16"/>
        <CursorPos X="85" Y="17"/>
        <UsageCount Value="17"/>
      </Unit21>
      <Unit22>
        <Filename Value="..\lib\own\misc\loggers.pas"/>
        <UnitName Value="loggers"/>
        <WindowIndex Value="0"/>
        <TopLine Value="1"/>
        <CursorPos X="108" Y="15"/>
        <UsageCount Value="21"/>
      </Unit22>
      <Unit23>
        <Filename Value="..\lib\own\coremodules\stkconstants.pas"/>
        <UnitName Value="stkconstants"/>
        <WindowIndex Value="0"/>
        <TopLine Value="51"/>
        <CursorPos X="12" Y="90"/>
        <UsageCount Value="15"/>
      </Unit23>
      <Unit24>
        <Filename Value="..\lib\own\coreservices\servicefactories.pas"/>
        <UnitName Value="servicefactories"/>
        <WindowIndex Value="0"/>
        <TopLine Value="9"/>
        <CursorPos X="52" Y="33"/>
        <UsageCount Value="14"/>
      </Unit24>
      <Unit25>
        <Filename Value="..\lib\own\coreservices\servicemanagers.pas"/>
        <UnitName Value="servicemanagers"/>
        <WindowIndex Value="0"/>
        <TopLine Value="1"/>
        <CursorPos X="1" Y="1"/>
        <UsageCount Value="14"/>
      </Unit25>
      <Unit26>
        <Filename Value="corelaunchers.pas"/>
        <IsPartOfProject Value="True"/>
        <UnitName Value="corelaunchers"/>
        <TopLine Value="1"/>
        <CursorPos X="19" Y="1"/>
        <UsageCount Value="41"/>
      </Unit26>
      <Unit27>
        <Filename Value="..\lib\own\coredb\channeltables.pas"/>
        <UnitName Value="channeltables"/>
        <WindowIndex Value="0"/>
        <TopLine Value="79"/>
        <CursorPos X="70" Y="39"/>
        <UsageCount Value="12"/>
      </Unit27>
      <Unit28>
        <Filename Value="..\lib\own\coreservices\receivechannelservices.pas"/>
        <UnitName Value="receivechannelservices"/>
        <WindowIndex Value="0"/>
        <TopLine Value="13"/>
        <CursorPos X="36" Y="13"/>
        <UsageCount Value="11"/>
      </Unit28>
      <Unit29>
        <Filename Value="..\lib\own\coredb\retrievedtables.pas"/>
        <UnitName Value="retrievedtables"/>
        <WindowIndex Value="0"/>
        <TopLine Value="1"/>
        <CursorPos X="1" Y="1"/>
        <UsageCount Value="11"/>
      </Unit29>
      <Unit30>
        <Filename Value="..\lib\own\coremodules\coreobjects.pas"/>
        <UnitName Value="coreobjects"/>
        <EditorIndex Value="5"/>
        <WindowIndex Value="0"/>
        <TopLine Value="76"/>
        <CursorPos X="22" Y="92"/>
        <UsageCount Value="12"/>
        <Loaded Value="True"/>
      </Unit30>
      <Unit31>
        <Filename Value="..\core\coremonitors.pas"/>
        <UnitName Value="coremonitors"/>
        <WindowIndex Value="0"/>
        <TopLine Value="21"/>
        <CursorPos X="69" Y="47"/>
        <UsageCount Value="11"/>
      </Unit31>
      <Unit32>
        <Filename Value="..\core\coreloops.pas"/>
        <UnitName Value="coreloops"/>
        <WindowIndex Value="0"/>
        <TopLine Value="79"/>
        <CursorPos X="61" Y="98"/>
        <UsageCount Value="11"/>
      </Unit32>
      <Unit33>
        <Filename Value="..\..\..\..\freepascal\deltaclient\deltaclientunit.pas"/>
        <ComponentName Value="DeltaForm"/>
        <HasResources Value="True"/>
        <ResourceBaseClass Value="Form"/>
        <UnitName Value="deltaclientunit"/>
        <WindowIndex Value="0"/>
        <TopLine Value="63"/>
        <CursorPos X="35" Y="64"/>
        <UsageCount Value="10"/>
      </Unit33>
      <Unit34>
        <Filename Value="D:\met\apps\lazarus\components\opengl\glwin32wglcontext.pas"/>
        <UnitName Value="GLWin32WGLContext"/>
        <WindowIndex Value="0"/>
        <TopLine Value="2"/>
        <CursorPos X="37" Y="24"/>
        <UsageCount Value="10"/>
      </Unit34>
      <Unit35>
        <Filename Value="mainapp.lfm"/>
        <WindowIndex Value="0"/>
        <TopLine Value="1"/>
        <CursorPos X="1" Y="1"/>
        <UsageCount Value="10"/>
        <DefaultSyntaxHighlighter Value="LFM"/>
      </Unit35>
      <Unit36>
        <Filename Value="netmapperforms.lfm"/>
        <EditorIndex Value="1"/>
        <WindowIndex Value="0"/>
        <TopLine Value="1"/>
        <CursorPos X="1" Y="1"/>
        <UsageCount Value="10"/>
        <Loaded Value="True"/>
        <DefaultSyntaxHighlighter Value="LFM"/>
      </Unit36>
      <Unit37>
        <Filename Value="D:\met\apps\lazarus\fpc\2.6.0\source\rtl\inc\objpash.inc"/>
        <EditorIndex Value="6"/>
        <WindowIndex Value="0"/>
        <TopLine Value="173"/>
        <CursorPos X="23" Y="192"/>
        <UsageCount Value="11"/>
        <Loaded Value="True"/>
      </Unit37>
      <Unit38>
        <Filename Value="..\lib\own\coreservices\workflowmanagers.pas"/>
        <UnitName Value="workflowmanagers"/>
        <WindowIndex Value="0"/>
        <TopLine Value="1"/>
        <CursorPos X="1" Y="1"/>
        <UsageCount Value="10"/>
      </Unit38>
      <Unit39>
        <Filename Value="..\lib\own\coreservices\jobqueueworkflows.pas"/>
        <UnitName Value="clientjobqueueworkflows"/>
        <WindowIndex Value="0"/>
        <TopLine Value="211"/>
        <CursorPos X="116" Y="70"/>
        <UsageCount Value="10"/>
      </Unit39>
      <Unit40>
        <Filename Value="..\lib\own\coreservices\receivejobservices.pas"/>
        <UnitName Value="receivejobservices"/>
        <WindowIndex Value="0"/>
        <TopLine Value="90"/>
        <CursorPos X="75" Y="123"/>
        <UsageCount Value="10"/>
      </Unit40>
      <Unit41>
        <Filename Value="..\lib\own\coredb\dbtablemanagers.pas"/>
        <UnitName Value="dbtablemanagers"/>
        <WindowIndex Value="0"/>
        <TopLine Value="66"/>
        <CursorPos X="47" Y="79"/>
        <UsageCount Value="10"/>
      </Unit41>
      <Unit42>
        <Filename Value="..\lib\own\coredb\jobstatstables.pas"/>
        <UnitName Value="jobstatstables"/>
        <WindowIndex Value="0"/>
        <TopLine Value="1"/>
        <CursorPos X="6" Y="21"/>
        <UsageCount Value="10"/>
      </Unit42>
      <Unit43>
        <Filename Value="jobmanagementforms.pas"/>
        <IsPartOfProject Value="True"/>
        <ComponentName Value="JobManagementForm"/>
        <HasResources Value="True"/>
        <ResourceBaseClass Value="Form"/>
        <UnitName Value="jobmanagementforms"/>
        <IsVisibleTab Value="True"/>
        <EditorIndex Value="0"/>
        <WindowIndex Value="0"/>
        <TopLine Value="62"/>
        <CursorPos X="40" Y="82"/>
        <UsageCount Value="32"/>
        <Loaded Value="True"/>
        <LoadedDesigner Value="True"/>
      </Unit43>
      <Unit44>
        <Filename Value="..\lib\own\coremodules\coremodules.pas"/>
        <UnitName Value="coremodules"/>
        <WindowIndex Value="0"/>
        <TopLine Value="58"/>
        <CursorPos X="24" Y="77"/>
        <UsageCount Value="10"/>
      </Unit44>
      <Unit45>
        <Filename Value="..\lib\own\coreapi\jobapis.pas"/>
        <UnitName Value="jobapis"/>
        <EditorIndex Value="7"/>
        <WindowIndex Value="0"/>
        <TopLine Value="55"/>
        <CursorPos X="124" Y="61"/>
        <UsageCount Value="12"/>
        <Loaded Value="True"/>
      </Unit45>
      <Unit46>
        <Filename Value="..\lib\own\misc\utils.pas"/>
        <UnitName Value="utils"/>
        <EditorIndex Value="4"/>
        <WindowIndex Value="0"/>
        <TopLine Value="1"/>
        <CursorPos X="26" Y="7"/>
        <UsageCount Value="10"/>
        <Loaded Value="True"/>
      </Unit46>
      <Unit47>
        <Filename Value="..\lib\own\coredb\jobqueuetables.pas"/>
        <UnitName Value="jobqueuetables"/>
        <EditorIndex Value="8"/>
        <WindowIndex Value="0"/>
        <TopLine Value="153"/>
        <CursorPos X="28" Y="184"/>
        <UsageCount Value="10"/>
        <Loaded Value="True"/>
      </Unit47>
    </Units>
    <JumpHistory Count="30" HistoryIndex="29">
      <Position1>
        <Filename Value="jobmanagementforms.pas"/>
        <Caret Line="68" Column="18" TopLine="42"/>
      </Position1>
      <Position2>
        <Filename Value="jobmanagementforms.pas"/>
        <Caret Line="44" Column="5" TopLine="11"/>
      </Position2>
      <Position3>
        <Filename Value="jobmanagementforms.pas"/>
        <Caret Line="9" Column="59" TopLine="1"/>
      </Position3>
      <Position4>
        <Filename Value="jobmanagementforms.pas"/>
        <Caret Line="67" Column="22" TopLine="47"/>
      </Position4>
      <Position5>
        <Filename Value="jobmanagementforms.pas"/>
        <Caret Line="72" Column="64" TopLine="47"/>
      </Position5>
      <Position6>
        <Filename Value="jobmanagementforms.pas"/>
        <Caret Line="35" Column="38" TopLine="1"/>
      </Position6>
      <Position7>
        <Filename Value="..\lib\own\coremodules\coreobjects.pas"/>
        <Caret Line="81" Column="34" TopLine="67"/>
      </Position7>
      <Position8>
        <Filename Value="jobmanagementforms.pas"/>
        <Caret Line="75" Column="44" TopLine="47"/>
      </Position8>
      <Position9>
        <Filename Value="jobmanagementforms.pas"/>
        <Caret Line="71" Column="65" TopLine="36"/>
      </Position9>
      <Position10>
        <Filename Value="..\lib\own\coreapi\jobapis.pas"/>
        <Caret Line="124" Column="138" TopLine="79"/>
      </Position10>
      <Position11>
        <Filename Value="..\lib\own\coreapi\jobapis.pas"/>
        <Caret Line="125" Column="48" TopLine="99"/>
      </Position11>
      <Position12>
        <Filename Value="jobmanagementforms.pas"/>
        <Caret Line="65" Column="33" TopLine="35"/>
      </Position12>
      <Position13>
        <Filename Value="jobmanagementforms.pas"/>
        <Caret Line="67" Column="33" TopLine="35"/>
      </Position13>
      <Position14>
        <Filename Value="jobmanagementforms.pas"/>
        <Caret Line="88" Column="3" TopLine="50"/>
      </Position14>
      <Position15>
        <Filename Value="jobmanagementforms.pas"/>
        <Caret Line="90" Column="3" TopLine="52"/>
      </Position15>
      <Position16>
        <Filename Value="jobmanagementforms.pas"/>
        <Caret Line="91" Column="3" TopLine="53"/>
      </Position16>
      <Position17>
        <Filename Value="jobmanagementforms.pas"/>
        <Caret Line="90" Column="3" TopLine="52"/>
      </Position17>
      <Position18>
        <Filename Value="jobmanagementforms.pas"/>
        <Caret Line="91" Column="3" TopLine="53"/>
      </Position18>
      <Position19>
        <Filename Value="jobmanagementforms.pas"/>
        <Caret Line="92" Column="3" TopLine="54"/>
      </Position19>
      <Position20>
        <Filename Value="jobmanagementforms.pas"/>
        <Caret Line="91" Column="3" TopLine="53"/>
      </Position20>
      <Position21>
        <Filename Value="jobmanagementforms.pas"/>
        <Caret Line="56" Column="5" TopLine="55"/>
      </Position21>
      <Position22>
        <Filename Value="jobmanagementforms.pas"/>
        <Caret Line="88" Column="3" TopLine="60"/>
      </Position22>
      <Position23>
        <Filename Value="jobmanagementforms.pas"/>
        <Caret Line="89" Column="3" TopLine="61"/>
      </Position23>
      <Position24>
        <Filename Value="jobmanagementforms.pas"/>
        <Caret Line="88" Column="3" TopLine="60"/>
      </Position24>
      <Position25>
        <Filename Value="jobmanagementforms.pas"/>
        <Caret Line="98" Column="3" TopLine="60"/>
      </Position25>
      <Position26>
        <Filename Value="jobmanagementforms.pas"/>
        <Caret Line="99" Column="3" TopLine="61"/>
      </Position26>
      <Position27>
        <Filename Value="jobmanagementforms.pas"/>
        <Caret Line="89" Column="3" TopLine="61"/>
      </Position27>
      <Position28>
        <Filename Value="jobmanagementforms.pas"/>
        <Caret Line="88" Column="3" TopLine="60"/>
      </Position28>
      <Position29>
        <Filename Value="jobmanagementforms.pas"/>
        <Caret Line="66" Column="32" TopLine="60"/>
      </Position29>
      <Position30>
        <Filename Value="jobmanagementforms.pas"/>
        <Caret Line="97" Column="53" TopLine="61"/>
      </Position30>
    </JumpHistory>
  </ProjectOptions>
  <CompilerOptions>
    <Version Value="11"/>
    <PathDelim Value="\"/>
    <SearchPaths>
      <OtherUnitFiles Value="..\lib\own\coreservices;..\lib\own\coremodules;..\lib\own\misc;..\lib\ext\synapse\src\lib;..\lib\ext\misc;..\lib\own\libsphere;..\lib\own\coredb;..\lib\own\coreapi;..\core;$(LazarusDir)\components\codetools\units\$(TargetCPU)-$(TargetOS);$(LazarusDir)\components\opengl"/>
      <UnitOutputDirectory Value="..\..\..\bin"/>
    </SearchPaths>
    <Parsing>
      <SyntaxOptions>
        <CStyleOperator Value="False"/>
        <UseAnsiStrings Value="False"/>
      </SyntaxOptions>
    </Parsing>
    <CodeGeneration>
      <SmartLinkUnit Value="True"/>
      <Checks>
        <IOChecks Value="True"/>
        <RangeChecks Value="True"/>
        <OverflowChecks Value="True"/>
        <StackChecks Value="True"/>
      </Checks>
      <HeapSize Value="100000"/>
      <VerifyObjMethodCallValidity Value="True"/>
    </CodeGeneration>
    <Linking>
      <Debugging>
        <GenerateDebugInfo Value="False"/>
        <UseLineInfoUnit Value="False"/>
      </Debugging>
      <LinkSmart Value="True"/>
      <Options>
        <Win32>
          <GraphicApplication Value="True"/>
        </Win32>
      </Options>
    </Linking>
    <Other>
      <CompilerPath Value="$(CompPath)"/>
    </Other>
  </CompilerOptions>
  <Debugging>
    <Exceptions Count="3">
      <Item1>
        <Name Value="EAbort"/>
      </Item1>
      <Item2>
        <Name Value="ECodetoolError"/>
      </Item2>
      <Item3>
        <Name Value="EFOpenError"/>
      </Item3>
    </Exceptions>
  </Debugging>
</CONFIG>
