<?xml version="1.0"?>
<CONFIG>
  <ProjectOptions>
    <PathDelim Value="\"/>
    <Version Value="6"/>
    <General>
      <Flags>
        <MainUnitHasCreateFormStatements Value="False"/>
        <MainUnitHasTitleStatement Value="False"/>
      </Flags>
      <MainUnit Value="0"/>
      <IconPath Value="./"/>
      <TargetFileExt Value=".exe"/>
      <UseXPManifest Value="True"/>
      <ActiveEditorIndexAtStart Value="1"/>
    </General>
    <VersionInfo>
      <ProjectVersion Value=""/>
      <Language Value=""/>
      <CharSet Value=""/>
    </VersionInfo>
    <PublishOptions>
      <Version Value="2"/>
      <IgnoreBinaries Value="False"/>
      <IncludeFileFilter Value="*.(pas|pp|inc|lfm|lpr|lrs|lpi|lpk|sh|xml)"/>
      <ExcludeFileFilter Value="*.(bak|ppu|ppw|o|so);*~;backup"/>
    </PublishOptions>
    <RunParams>
      <local>
        <FormatVersion Value="1"/>
        <LaunchingApplication PathPlusParams="/usr/X11R6/bin/xterm -T 'Lazarus Run Output' -e $(LazarusDir)/tools/runwait.sh $(TargetCmdLine)"/>
      </local>
    </RunParams>
    <Units Count="9">
      <Unit0>
        <Filename Value="basic.dpr"/>
        <IsPartOfProject Value="True"/>
        <CursorPos X="38" Y="31"/>
        <TopLine Value="1"/>
        <EditorIndex Value="0"/>
        <UsageCount Value="30"/>
        <Loaded Value="True"/>
      </Unit0>
      <Unit1>
        <Filename Value="basicdll.pas"/>
        <UnitName Value="basicdll"/>
        <CursorPos X="6" Y="12"/>
        <TopLine Value="1"/>
        <EditorIndex Value="1"/>
        <UsageCount Value="14"/>
        <Loaded Value="True"/>
      </Unit1>
      <Unit2>
        <Filename Value="..\..\packages\own\tgpu\definitions.pas"/>
        <UnitName Value="definitions"/>
        <CursorPos X="1" Y="184"/>
        <TopLine Value="152"/>
        <UsageCount Value="9"/>
      </Unit2>
      <Unit3>
        <Filename Value="..\..\..\..\..\fileschanged.txt"/>
        <CursorPos X="37" Y="11"/>
        <TopLine Value="1"/>
        <UsageCount Value="13"/>
        <SyntaxHighlighter Value="None"/>
      </Unit3>
      <Unit4>
        <Filename Value="..\..\packages\own\coremodules\stkconstants.pas"/>
        <UnitName Value="stkconstants"/>
        <CursorPos X="8" Y="9"/>
        <TopLine Value="1"/>
        <UsageCount Value="14"/>
      </Unit4>
      <Unit5>
        <Filename Value="..\..\packages\own\coremodules\stacks.pas"/>
        <UnitName Value="stacks"/>
        <CursorPos X="20" Y="122"/>
        <TopLine Value="122"/>
        <UsageCount Value="14"/>
      </Unit5>
      <Unit6>
        <Filename Value="..\..\..\..\..\..\lazarus\fpc\2.2.2\source\rtl\objpas\math.pp"/>
        <UnitName Value="math"/>
        <CursorPos X="15" Y="417"/>
        <TopLine Value="395"/>
        <UsageCount Value="10"/>
      </Unit6>
      <Unit7>
        <Filename Value="..\..\lib\own\misc\logger.pas"/>
        <IsPartOfProject Value="True"/>
        <UnitName Value="logger"/>
        <CursorPos X="45" Y="126"/>
        <TopLine Value="104"/>
        <UsageCount Value="22"/>
      </Unit7>
      <Unit8>
        <Filename Value="..\..\packages\own\coremodules\test\testplugins.pas"/>
        <UnitName Value="testplugins"/>
        <CursorPos X="48" Y="52"/>
        <TopLine Value="34"/>
        <UsageCount Value="10"/>
      </Unit8>
    </Units>
    <JumpHistory Count="20" HistoryIndex="19">
      <Position1>
        <Filename Value="basicdll.pas"/>
        <Caret Line="224" Column="37" TopLine="202"/>
      </Position1>
      <Position2>
        <Filename Value="basicdll.pas"/>
        <Caret Line="231" Column="31" TopLine="209"/>
      </Position2>
      <Position3>
        <Filename Value="basicdll.pas"/>
        <Caret Line="244" Column="19" TopLine="221"/>
      </Position3>
      <Position4>
        <Filename Value="basicdll.pas"/>
        <Caret Line="243" Column="40" TopLine="221"/>
      </Position4>
      <Position5>
        <Filename Value="basicdll.pas"/>
        <Caret Line="244" Column="53" TopLine="222"/>
      </Position5>
      <Position6>
        <Filename Value="basicdll.pas"/>
        <Caret Line="247" Column="27" TopLine="227"/>
      </Position6>
      <Position7>
        <Filename Value="basicdll.pas"/>
        <Caret Line="237" Column="13" TopLine="224"/>
      </Position7>
      <Position8>
        <Filename Value="basicdll.pas"/>
        <Caret Line="305" Column="49" TopLine="283"/>
      </Position8>
      <Position9>
        <Filename Value="basicdll.pas"/>
        <Caret Line="315" Column="22" TopLine="293"/>
      </Position9>
      <Position10>
        <Filename Value="basicdll.pas"/>
        <Caret Line="351" Column="25" TopLine="320"/>
      </Position10>
      <Position11>
        <Filename Value="basicdll.pas"/>
        <Caret Line="343" Column="17" TopLine="324"/>
      </Position11>
      <Position12>
        <Filename Value="basicdll.pas"/>
        <Caret Line="348" Column="21" TopLine="326"/>
      </Position12>
      <Position13>
        <Filename Value="basicdll.pas"/>
        <Caret Line="373" Column="20" TopLine="317"/>
      </Position13>
      <Position14>
        <Filename Value="basicdll.pas"/>
        <Caret Line="355" Column="31" TopLine="325"/>
      </Position14>
      <Position15>
        <Filename Value="basicdll.pas"/>
        <Caret Line="358" Column="26" TopLine="337"/>
      </Position15>
      <Position16>
        <Filename Value="basicdll.pas"/>
        <Caret Line="356" Column="39" TopLine="335"/>
      </Position16>
      <Position17>
        <Filename Value="basicdll.pas"/>
        <Caret Line="380" Column="25" TopLine="340"/>
      </Position17>
      <Position18>
        <Filename Value="basicdll.pas"/>
        <Caret Line="434" Column="25" TopLine="406"/>
      </Position18>
      <Position19>
        <Filename Value="basicdll.pas"/>
        <Caret Line="423" Column="41" TopLine="400"/>
      </Position19>
      <Position20>
        <Filename Value="basicdll.pas"/>
        <Caret Line="12" Column="6" TopLine="1"/>
      </Position20>
    </JumpHistory>
  </ProjectOptions>
  <CompilerOptions>
    <Version Value="8"/>
    <PathDelim Value="\"/>
    <SearchPaths>
      <OtherUnitFiles Value="..\..\lib\own\coremodules\"/>
      <UnitOutputDirectory Value="..\..\..\..\bin\plugins\lib"/>
    </SearchPaths>
    <Parsing>
      <SyntaxOptions>
        <CStyleOperator Value="False"/>
      </SyntaxOptions>
    </Parsing>
    <Linking>
      <Options>
        <ExecutableType Value="Library"/>
      </Options>
    </Linking>
    <Other>
      <CompilerPath Value="$(CompPath)"/>
    </Other>
  </CompilerOptions>
  <Debugging>
    <Exceptions Count="2">
      <Item1>
        <Name Value="ECodetoolError"/>
      </Item1>
      <Item2>
        <Name Value="EFOpenError"/>
      </Item2>
    </Exceptions>
  </Debugging>
</CONFIG>
