<?xml version="1.0"?>
<CONFIG>
  <ProjectOptions>
    <Version Value="9"/>
    <PathDelim Value="\"/>
    <General>
      <Flags>
        <LRSInOutputDirectory Value="False"/>
      </Flags>
      <MainUnit Value="0"/>
      <ActiveWindowIndexAtStart Value="0"/>
    </General>
    <VersionInfo>
      <Language Value=""/>
      <CharSet Value=""/>
      <StringTable ProductVersion=""/>
    </VersionInfo>
    <BuildModes Count="1">
      <Item1 Name="default" Default="True"/>
    </BuildModes>
    <PublishOptions>
      <Version Value="2"/>
      <IgnoreBinaries Value="False"/>
      <IncludeFileFilter Value="*.(pas|pp|inc|lfm|lpr|lrs|lpi|lpk|sh|xml)"/>
      <ExcludeFileFilter Value="*.(bak|ppu|ppw|o|so);*~;backup"/>
    </PublishOptions>
    <RunParams>
      <local>
        <FormatVersion Value="1"/>
        <LaunchingApplication PathPlusParams="/usr/X11R6/bin/xterm -T 'Lazarus Run Output' -e $(LazarusDir)/tools/runwait.sh $(TargetCmdLine)"/>
      </local>
    </RunParams>
    <Units Count="10">
      <Unit0>
        <Filename Value="strbasic.dpr"/>
        <IsPartOfProject Value="True"/>
        <IsVisibleTab Value="True"/>
        <EditorIndex Value="0"/>
        <WindowIndex Value="0"/>
        <TopLine Value="1"/>
        <CursorPos X="1" Y="5"/>
        <UsageCount Value="23"/>
        <Loaded Value="True"/>
        <LoadedDesigner Value="True"/>
      </Unit0>
      <Unit1>
        <Filename Value="strbasicdll.pas"/>
        <UnitName Value="strbasicdll"/>
        <EditorIndex Value="1"/>
        <WindowIndex Value="0"/>
        <TopLine Value="1"/>
        <CursorPos X="44" Y="16"/>
        <UsageCount Value="10"/>
        <Loaded Value="True"/>
      </Unit1>
      <Unit2>
        <Filename Value="..\basic\basicdll.pas"/>
        <UnitName Value="basicdll"/>
        <EditorIndex Value="6"/>
        <WindowIndex Value="0"/>
        <TopLine Value="92"/>
        <CursorPos X="5" Y="116"/>
        <UsageCount Value="10"/>
        <Loaded Value="True"/>
      </Unit2>
      <Unit3>
        <Filename Value="..\..\packages\own\coremodules\stacks.pas"/>
        <UnitName Value="stacks"/>
        <TopLine Value="67"/>
        <CursorPos X="1" Y="67"/>
        <UsageCount Value="10"/>
      </Unit3>
      <Unit4>
        <Filename Value="..\..\..\..\ChangeLog.txt"/>
        <EditorIndex Value="2"/>
        <WindowIndex Value="0"/>
        <TopLine Value="1"/>
        <CursorPos X="37" Y="3"/>
        <UsageCount Value="10"/>
        <Loaded Value="True"/>
        <DefaultSyntaxHighlighter Value="None"/>
      </Unit4>
      <Unit5>
        <Filename Value="..\..\lib\own\misc\identities.pas"/>
        <UnitName Value="identities"/>
        <EditorIndex Value="3"/>
        <WindowIndex Value="0"/>
        <TopLine Value="22"/>
        <CursorPos X="8" Y="46"/>
        <UsageCount Value="10"/>
        <Loaded Value="True"/>
      </Unit5>
      <Unit6>
        <Filename Value="..\..\lib\own\coreservices\receiveserverservices.pas"/>
        <UnitName Value="receiveserverservices"/>
        <EditorIndex Value="4"/>
        <WindowIndex Value="0"/>
        <TopLine Value="1"/>
        <CursorPos X="1" Y="1"/>
        <UsageCount Value="10"/>
        <Loaded Value="True"/>
      </Unit6>
      <Unit7>
        <Filename Value="..\..\lib\own\coreservices\receivenodeservices.pas"/>
        <UnitName Value="receivenodeservices"/>
        <WindowIndex Value="0"/>
        <TopLine Value="39"/>
        <CursorPos X="43" Y="60"/>
        <UsageCount Value="10"/>
        <LoadedDesigner Value="True"/>
      </Unit7>
      <Unit8>
        <Filename Value="..\..\lib\own\coredb\nodetables.pas"/>
        <UnitName Value="nodetables"/>
        <WindowIndex Value="0"/>
        <TopLine Value="18"/>
        <CursorPos X="31" Y="37"/>
        <UsageCount Value="10"/>
        <LoadedDesigner Value="True"/>
      </Unit8>
      <Unit9>
        <Filename Value="..\..\..\..\bin\data\core\sqlite\core-schema.sql"/>
        <EditorIndex Value="5"/>
        <WindowIndex Value="0"/>
        <TopLine Value="56"/>
        <CursorPos X="16" Y="72"/>
        <UsageCount Value="10"/>
        <Loaded Value="True"/>
        <DefaultSyntaxHighlighter Value="SQL"/>
      </Unit9>
    </Units>
    <JumpHistory Count="12" HistoryIndex="11">
      <Position1>
        <Filename Value="strbasicdll.pas"/>
        <Caret Line="158" Column="24" TopLine="129"/>
      </Position1>
      <Position2>
        <Filename Value="strbasicdll.pas"/>
        <Caret Line="178" Column="12" TopLine="134"/>
      </Position2>
      <Position3>
        <Filename Value="strbasicdll.pas"/>
        <Caret Line="100" Column="26" TopLine="78"/>
      </Position3>
      <Position4>
        <Filename Value="strbasicdll.pas"/>
        <Caret Line="6" Column="44" TopLine="1"/>
      </Position4>
      <Position5>
        <Filename Value="strbasicdll.pas"/>
        <Caret Line="95" Column="53" TopLine="78"/>
      </Position5>
      <Position6>
        <Filename Value="strbasicdll.pas"/>
        <Caret Line="6" Column="34" TopLine="1"/>
      </Position6>
      <Position7>
        <Filename Value="strbasicdll.pas"/>
        <Caret Line="155" Column="24" TopLine="115"/>
      </Position7>
      <Position8>
        <Filename Value="strbasicdll.pas"/>
        <Caret Line="118" Column="46" TopLine="97"/>
      </Position8>
      <Position9>
        <Filename Value="strbasicdll.pas"/>
        <Caret Line="137" Column="41" TopLine="115"/>
      </Position9>
      <Position10>
        <Filename Value="strbasicdll.pas"/>
        <Caret Line="147" Column="41" TopLine="125"/>
      </Position10>
      <Position11>
        <Filename Value="strbasicdll.pas"/>
        <Caret Line="158" Column="28" TopLine="136"/>
      </Position11>
      <Position12>
        <Filename Value="strbasicdll.pas"/>
        <Caret Line="5" Column="6" TopLine="1"/>
      </Position12>
    </JumpHistory>
  </ProjectOptions>
  <CompilerOptions>
    <Version Value="11"/>
    <PathDelim Value="\"/>
    <SearchPaths>
      <OtherUnitFiles Value="..\..\..\..\src\client\lib\own\coremodules"/>
      <UnitOutputDirectory Value="..\..\..\..\bin\plugins\lib"/>
    </SearchPaths>
    <Parsing>
      <SyntaxOptions>
        <CStyleOperator Value="False"/>
        <UseAnsiStrings Value="False"/>
      </SyntaxOptions>
    </Parsing>
    <Linking>
      <Options>
        <ExecutableType Value="Library"/>
      </Options>
    </Linking>
    <Other>
      <CompilerPath Value="$(CompPath)"/>
    </Other>
  </CompilerOptions>
  <Debugging>
    <Exceptions Count="3">
      <Item1>
        <Name Value="EAbort"/>
      </Item1>
      <Item2>
        <Name Value="ECodetoolError"/>
      </Item2>
      <Item3>
        <Name Value="EFOpenError"/>
      </Item3>
    </Exceptions>
  </Debugging>
</CONFIG>
