<?xml version="1.0"?>
<CONFIG>
  <ProjectOptions>
    <Version Value="9"/>
    <PathDelim Value="\"/>
    <General>
      <Flags>
        <LRSInOutputDirectory Value="False"/>
      </Flags>
      <MainUnit Value="0"/>
      <ActiveWindowIndexAtStart Value="0"/>
    </General>
    <VersionInfo>
      <Language Value=""/>
      <CharSet Value=""/>
      <StringTable ProductVersion=""/>
    </VersionInfo>
    <BuildModes Count="1">
      <Item1 Name="default" Default="True"/>
    </BuildModes>
    <PublishOptions>
      <Version Value="2"/>
      <IgnoreBinaries Value="False"/>
      <IncludeFileFilter Value="*.(pas|pp|inc|lfm|lpr|lrs|lpi|lpk|sh|xml)"/>
      <ExcludeFileFilter Value="*.(bak|ppu|ppw|o|so);*~;backup"/>
    </PublishOptions>
    <RunParams>
      <local>
        <FormatVersion Value="1"/>
        <LaunchingApplication PathPlusParams="/usr/X11R6/bin/xterm -T 'Lazarus Run Output' -e $(LazarusDir)/tools/runwait.sh $(TargetCmdLine)"/>
      </local>
    </RunParams>
    <RequiredPackages Count="2">
      <Item1>
        <PackageName Value="FPCUnitConsoleRunner"/>
      </Item1>
      <Item2>
        <PackageName Value="FCL"/>
      </Item2>
    </RequiredPackages>
    <Units Count="40">
      <Unit0>
        <Filename Value="coreservicestest.lpr"/>
        <IsPartOfProject Value="True"/>
        <UnitName Value="coreservicestest"/>
        <UsageCount Value="42"/>
      </Unit0>
      <Unit1>
        <Filename Value="testservices.pas"/>
        <IsPartOfProject Value="True"/>
        <UnitName Value="testservices"/>
        <EditorIndex Value="1"/>
        <WindowIndex Value="0"/>
        <TopLine Value="111"/>
        <CursorPos X="20" Y="136"/>
        <UsageCount Value="42"/>
        <Loaded Value="True"/>
      </Unit1>
      <Unit2>
        <Filename Value="..\servicemanagers.pas"/>
        <UnitName Value="servicemanagers"/>
        <TopLine Value="1"/>
        <CursorPos X="27" Y="14"/>
        <UsageCount Value="16"/>
      </Unit2>
      <Unit3>
        <Filename Value="..\servermanagers.pas"/>
        <UnitName Value="servermanagers"/>
        <TopLine Value="107"/>
        <CursorPos X="19" Y="131"/>
        <UsageCount Value="17"/>
      </Unit3>
      <Unit4>
        <Filename Value="..\..\..\..\..\..\..\backup\fileschanged.txt"/>
        <TopLine Value="1"/>
        <CursorPos X="18" Y="8"/>
        <UsageCount Value="15"/>
        <DefaultSyntaxHighlighter Value="None"/>
      </Unit4>
      <Unit5>
        <Filename Value="..\coreservices.pas"/>
        <UnitName Value="coreservices"/>
        <TopLine Value="101"/>
        <CursorPos X="29" Y="125"/>
        <UsageCount Value="16"/>
      </Unit5>
      <Unit6>
        <Filename Value="..\receivenodeservices.pas"/>
        <UnitName Value="receivenodeservices"/>
        <TopLine Value="45"/>
        <CursorPos X="70" Y="59"/>
        <UsageCount Value="15"/>
      </Unit6>
      <Unit7>
        <Filename Value="..\..\coremodules\downloadthreadmanagers.pas"/>
        <UnitName Value="downloadthreadmanagers"/>
        <TopLine Value="46"/>
        <CursorPos X="16" Y="86"/>
        <UsageCount Value="10"/>
      </Unit7>
      <Unit8>
        <Filename Value="..\..\coremodules\downloadthreads.pas"/>
        <UnitName Value="downloadthreads"/>
        <TopLine Value="6"/>
        <CursorPos X="63" Y="20"/>
        <UsageCount Value="10"/>
      </Unit8>
      <Unit9>
        <Filename Value="..\..\coremodules\managedthreads.pas"/>
        <UnitName Value="managedthreads"/>
        <TopLine Value="1"/>
        <CursorPos X="28" Y="5"/>
        <UsageCount Value="16"/>
      </Unit9>
      <Unit10>
        <Filename Value="..\..\misc\downloadutils.pas"/>
        <UnitName Value="downloadutils"/>
        <TopLine Value="55"/>
        <CursorPos X="79" Y="75"/>
        <UsageCount Value="15"/>
      </Unit10>
      <Unit11>
        <Filename Value="..\..\coremodules\test\testconstants.pas"/>
        <UnitName Value="testconstants"/>
        <TopLine Value="1"/>
        <CursorPos X="19" Y="1"/>
        <UsageCount Value="13"/>
      </Unit11>
      <Unit12>
        <Filename Value="..\servicefactories.pas"/>
        <UnitName Value="servicefactories"/>
        <EditorIndex Value="2"/>
        <WindowIndex Value="0"/>
        <TopLine Value="46"/>
        <CursorPos X="20" Y="80"/>
        <UsageCount Value="18"/>
        <Loaded Value="True"/>
      </Unit12>
      <Unit13>
        <Filename Value="..\..\coremodules\threadmanagers.pas"/>
        <UnitName Value="threadmanagers"/>
        <TopLine Value="34"/>
        <CursorPos X="38" Y="23"/>
        <UsageCount Value="10"/>
      </Unit13>
      <Unit14>
        <Filename Value="..\..\misc\identities.pas"/>
        <UnitName Value="identities"/>
        <TopLine Value="7"/>
        <CursorPos X="17" Y="24"/>
        <UsageCount Value="11"/>
      </Unit14>
      <Unit15>
        <Filename Value="..\..\coremodules\computationthreads.pas"/>
        <UnitName Value="computationthreads"/>
        <TopLine Value="8"/>
        <CursorPos X="14" Y="15"/>
        <UsageCount Value="10"/>
      </Unit15>
      <Unit16>
        <Filename Value="testconstants.pas"/>
        <UnitName Value="testconstants"/>
        <TopLine Value="1"/>
        <CursorPos X="1" Y="1"/>
        <UsageCount Value="12"/>
      </Unit16>
      <Unit17>
        <Filename Value="..\..\coremodules\test\testdownloadthreadmanagers.pas"/>
        <UnitName Value="testdownloadthreadmanagers"/>
        <TopLine Value="26"/>
        <CursorPos X="34" Y="50"/>
        <UsageCount Value="11"/>
      </Unit17>
      <Unit18>
        <Filename Value="..\..\coredb\dbtablemanagers.pas"/>
        <UnitName Value="dbtablemanagers"/>
        <TopLine Value="32"/>
        <CursorPos X="54" Y="56"/>
        <UsageCount Value="13"/>
      </Unit18>
      <Unit19>
        <Filename Value="..\..\coremodules\specialcommands.pas"/>
        <UnitName Value="specialcommands"/>
        <TopLine Value="147"/>
        <CursorPos X="80" Y="159"/>
        <UsageCount Value="11"/>
      </Unit19>
      <Unit20>
        <Filename Value="..\coreconfigurations.pas"/>
        <UnitName Value="coreconfigurations"/>
        <TopLine Value="1"/>
        <CursorPos X="1" Y="11"/>
        <UsageCount Value="13"/>
      </Unit20>
      <Unit21>
        <Filename Value="..\..\coredb\nodetables.pas"/>
        <UnitName Value="nodetables"/>
        <TopLine Value="120"/>
        <CursorPos X="66" Y="131"/>
        <UsageCount Value="11"/>
      </Unit21>
      <Unit22>
        <Filename Value="..\..\..\..\..\..\bin\data\core\sqlite\core-schema.sql"/>
        <TopLine Value="48"/>
        <CursorPos X="21" Y="55"/>
        <UsageCount Value="11"/>
        <DefaultSyntaxHighlighter Value="SQL"/>
      </Unit22>
      <Unit23>
        <Filename Value="..\..\..\..\..\server\supercluster\get_servers.php"/>
        <TopLine Value="1"/>
        <CursorPos X="1" Y="1"/>
        <UsageCount Value="11"/>
        <DefaultSyntaxHighlighter Value="PHP"/>
      </Unit23>
      <Unit24>
        <Filename Value="..\transmitnodeservices.pas"/>
        <UnitName Value="transmitnodeservices"/>
        <TopLine Value="50"/>
        <CursorPos X="1" Y="66"/>
        <UsageCount Value="11"/>
      </Unit24>
      <Unit25>
        <Filename Value="..\..\coredb\coretables.pas"/>
        <UnitName Value="coretables"/>
        <TopLine Value="1"/>
        <CursorPos X="1" Y="1"/>
        <UsageCount Value="12"/>
      </Unit25>
      <Unit26>
        <Filename Value="..\..\coredb\clienttables.pas"/>
        <UnitName Value="clienttables"/>
        <TopLine Value="40"/>
        <CursorPos X="45" Y="52"/>
        <UsageCount Value="12"/>
      </Unit26>
      <Unit27>
        <Filename Value="..\transmitclientservices.pas"/>
        <UnitName Value="transmitclientservices"/>
        <TopLine Value="53"/>
        <CursorPos X="53" Y="60"/>
        <UsageCount Value="12"/>
      </Unit27>
      <Unit28>
        <Filename Value="..\receiveclientservices.pas"/>
        <UnitName Value="receiveclientservices"/>
        <TopLine Value="85"/>
        <CursorPos X="101" Y="109"/>
        <UsageCount Value="12"/>
      </Unit28>
      <Unit29>
        <Filename Value="..\..\coredb\coredb.pas"/>
        <UnitName Value="coredb"/>
        <TopLine Value="5"/>
        <CursorPos X="42" Y="37"/>
        <UsageCount Value="10"/>
      </Unit29>
      <Unit30>
        <Filename Value="..\receiveserverservices.pas"/>
        <UnitName Value="receiveserverservices"/>
        <TopLine Value="87"/>
        <CursorPos X="21" Y="108"/>
        <UsageCount Value="11"/>
      </Unit30>
      <Unit31>
        <Filename Value="..\receiveparamservices.pas"/>
        <UnitName Value="receiveparamservices"/>
        <TopLine Value="58"/>
        <CursorPos X="43" Y="73"/>
        <UsageCount Value="11"/>
      </Unit31>
      <Unit32>
        <Filename Value="..\transmitjobservices.pas"/>
        <UnitName Value="transmitjobservices"/>
        <EditorIndex Value="4"/>
        <WindowIndex Value="0"/>
        <TopLine Value="33"/>
        <CursorPos X="33" Y="51"/>
        <UsageCount Value="14"/>
        <Loaded Value="True"/>
      </Unit32>
      <Unit33>
        <Filename Value="..\receivejobservices.pas"/>
        <UnitName Value="receivejobservices"/>
        <IsVisibleTab Value="True"/>
        <EditorIndex Value="0"/>
        <WindowIndex Value="0"/>
        <TopLine Value="52"/>
        <CursorPos X="60" Y="65"/>
        <UsageCount Value="14"/>
        <Loaded Value="True"/>
      </Unit33>
      <Unit34>
        <Filename Value="..\..\coredb\jobtables.pas"/>
        <UnitName Value="jobtables"/>
        <WindowIndex Value="0"/>
        <TopLine Value="128"/>
        <CursorPos X="60" Y="148"/>
        <UsageCount Value="12"/>
      </Unit34>
      <Unit35>
        <Filename Value="..\receivejobresults.pas"/>
        <UnitName Value="receivejobresults"/>
        <TopLine Value="1"/>
        <CursorPos X="30" Y="1"/>
        <UsageCount Value="10"/>
      </Unit35>
      <Unit36>
        <Filename Value="..\receivejobresultservices.pas"/>
        <UnitName Value="receivejobresultservices"/>
        <EditorIndex Value="5"/>
        <WindowIndex Value="0"/>
        <TopLine Value="48"/>
        <CursorPos X="23" Y="91"/>
        <UsageCount Value="13"/>
        <Loaded Value="True"/>
      </Unit36>
      <Unit37>
        <Filename Value="..\transmitjobresultservices.pas"/>
        <UnitName Value="transmitjobresultservices"/>
        <EditorIndex Value="6"/>
        <WindowIndex Value="0"/>
        <TopLine Value="37"/>
        <CursorPos X="6" Y="76"/>
        <UsageCount Value="12"/>
        <Loaded Value="True"/>
      </Unit37>
      <Unit38>
        <Filename Value="..\..\coredb\jobresulttables.pas"/>
        <UnitName Value="jobresulttables"/>
        <EditorIndex Value="7"/>
        <WindowIndex Value="0"/>
        <TopLine Value="111"/>
        <CursorPos X="61" Y="117"/>
        <UsageCount Value="12"/>
        <Loaded Value="True"/>
      </Unit38>
      <Unit39>
        <Filename Value="..\..\coredb\jobqueuetables.pas"/>
        <UnitName Value="jobqueuetables"/>
        <EditorIndex Value="3"/>
        <WindowIndex Value="0"/>
        <TopLine Value="53"/>
        <CursorPos X="61" Y="63"/>
        <UsageCount Value="12"/>
        <Loaded Value="True"/>
      </Unit39>
    </Units>
    <JumpHistory Count="16" HistoryIndex="15">
      <Position1>
        <Filename Value="..\transmitjobservices.pas"/>
        <Caret Line="55" Column="82" TopLine="36"/>
      </Position1>
      <Position2>
        <Filename Value="..\..\coredb\jobqueuetables.pas"/>
        <Caret Line="18" Column="24" TopLine="4"/>
      </Position2>
      <Position3>
        <Filename Value="..\receivejobservices.pas"/>
        <Caret Line="56" Column="33" TopLine="50"/>
      </Position3>
      <Position4>
        <Filename Value="..\receivejobservices.pas"/>
        <Caret Line="57" Column="44" TopLine="45"/>
      </Position4>
      <Position5>
        <Filename Value="testservices.pas"/>
        <Caret Line="162" Column="39" TopLine="162"/>
      </Position5>
      <Position6>
        <Filename Value="testservices.pas"/>
        <Caret Line="174" Column="80" TopLine="163"/>
      </Position6>
      <Position7>
        <Filename Value="testservices.pas"/>
        <Caret Line="155" Column="34" TopLine="143"/>
      </Position7>
      <Position8>
        <Filename Value="testservices.pas"/>
        <Caret Line="175" Column="34" TopLine="136"/>
      </Position8>
      <Position9>
        <Filename Value="..\servicefactories.pas"/>
        <Caret Line="115" Column="85" TopLine="97"/>
      </Position9>
      <Position10>
        <Filename Value="..\servicefactories.pas"/>
        <Caret Line="153" Column="40" TopLine="108"/>
      </Position10>
      <Position11>
        <Filename Value="..\servicefactories.pas"/>
        <Caret Line="20" Column="7" TopLine="1"/>
      </Position11>
      <Position12>
        <Filename Value="testservices.pas"/>
        <Caret Line="155" Column="34" TopLine="165"/>
      </Position12>
      <Position13>
        <Filename Value="testservices.pas"/>
        <Caret Line="13" Column="44" TopLine="1"/>
      </Position13>
      <Position14>
        <Filename Value="testservices.pas"/>
        <Caret Line="1" Column="1" TopLine="1"/>
      </Position14>
      <Position15>
        <Filename Value="testservices.pas"/>
        <Caret Line="13" Column="57" TopLine="1"/>
      </Position15>
      <Position16>
        <Filename Value="testservices.pas"/>
        <Caret Line="174" Column="24" TopLine="125"/>
      </Position16>
    </JumpHistory>
  </ProjectOptions>
  <CompilerOptions>
    <Version Value="11"/>
    <PathDelim Value="\"/>
    <SearchPaths>
      <OtherUnitFiles Value="..\..\coredb;..\..\coremodules;..\..\misc;..\..\..\ext\synapse\src\lib;.."/>
      <UnitOutputDirectory Value="..\..\..\..\..\..\bin"/>
    </SearchPaths>
    <Parsing>
      <SyntaxOptions>
        <CStyleOperator Value="False"/>
        <UseAnsiStrings Value="False"/>
      </SyntaxOptions>
    </Parsing>
    <Other>
      <CompilerPath Value="$(CompPath)"/>
    </Other>
  </CompilerOptions>
  <Debugging>
    <Exceptions Count="2">
      <Item1>
        <Name Value="ECodetoolError"/>
      </Item1>
      <Item2>
        <Name Value="EFOpenError"/>
      </Item2>
    </Exceptions>
  </Debugging>
</CONFIG>
