<?xml version="1.0"?>
<CONFIG>
  <ProjectOptions>
    <PathDelim Value="\"/>
    <Version Value="7"/>
    <General>
      <Flags>
        <LRSInOutputDirectory Value="False"/>
      </Flags>
      <MainUnit Value="0"/>
      <TargetFileExt Value=".exe"/>
      <ActiveEditorIndexAtStart Value="1"/>
    </General>
    <VersionInfo>
      <ProjectVersion Value=""/>
      <Language Value=""/>
      <CharSet Value=""/>
    </VersionInfo>
    <PublishOptions>
      <Version Value="2"/>
      <IgnoreBinaries Value="False"/>
      <IncludeFileFilter Value="*.(pas|pp|inc|lfm|lpr|lrs|lpi|lpk|sh|xml)"/>
      <ExcludeFileFilter Value="*.(bak|ppu|ppw|o|so);*~;backup"/>
    </PublishOptions>
    <RunParams>
      <local>
        <FormatVersion Value="1"/>
        <LaunchingApplication PathPlusParams="/usr/X11R6/bin/xterm -T 'Lazarus Run Output' -e $(LazarusDir)/tools/runwait.sh $(TargetCmdLine)"/>
      </local>
    </RunParams>
    <RequiredPackages Count="2">
      <Item1>
        <PackageName Value="FPCUnitConsoleRunner"/>
      </Item1>
      <Item2>
        <PackageName Value="FCL"/>
      </Item2>
    </RequiredPackages>
    <Units Count="39">
      <Unit0>
        <Filename Value="coreservicestest.lpr"/>
        <IsPartOfProject Value="True"/>
        <UnitName Value="coreservicestest"/>
        <UsageCount Value="38"/>
      </Unit0>
      <Unit1>
        <Filename Value="testservices.pas"/>
        <IsPartOfProject Value="True"/>
        <UnitName Value="testservices"/>
        <CursorPos X="39" Y="162"/>
        <TopLine Value="191"/>
        <UsageCount Value="38"/>
      </Unit1>
      <Unit2>
        <Filename Value="..\servicemanagers.pas"/>
        <UnitName Value="servicemanagers"/>
        <CursorPos X="27" Y="14"/>
        <TopLine Value="1"/>
        <UsageCount Value="16"/>
      </Unit2>
      <Unit3>
        <Filename Value="..\servermanagers.pas"/>
        <UnitName Value="servermanagers"/>
        <CursorPos X="19" Y="131"/>
        <TopLine Value="107"/>
        <UsageCount Value="17"/>
      </Unit3>
      <Unit4>
        <Filename Value="..\..\..\..\..\..\..\backup\fileschanged.txt"/>
        <CursorPos X="18" Y="8"/>
        <TopLine Value="1"/>
        <UsageCount Value="15"/>
        <SyntaxHighlighter Value="None"/>
      </Unit4>
      <Unit5>
        <Filename Value="..\coreservices.pas"/>
        <UnitName Value="coreservices"/>
        <CursorPos X="29" Y="125"/>
        <TopLine Value="101"/>
        <UsageCount Value="16"/>
      </Unit5>
      <Unit6>
        <Filename Value="..\receivenodeservices.pas"/>
        <UnitName Value="receivenodeservices"/>
        <CursorPos X="70" Y="59"/>
        <TopLine Value="45"/>
        <UsageCount Value="15"/>
      </Unit6>
      <Unit7>
        <Filename Value="..\..\coremodules\downloadthreadmanagers.pas"/>
        <UnitName Value="downloadthreadmanagers"/>
        <CursorPos X="16" Y="86"/>
        <TopLine Value="46"/>
        <UsageCount Value="10"/>
      </Unit7>
      <Unit8>
        <Filename Value="..\..\coremodules\downloadthreads.pas"/>
        <UnitName Value="downloadthreads"/>
        <CursorPos X="63" Y="20"/>
        <TopLine Value="6"/>
        <UsageCount Value="10"/>
      </Unit8>
      <Unit9>
        <Filename Value="..\..\coremodules\managedthreads.pas"/>
        <UnitName Value="managedthreads"/>
        <CursorPos X="28" Y="5"/>
        <TopLine Value="1"/>
        <UsageCount Value="16"/>
      </Unit9>
      <Unit10>
        <Filename Value="..\..\misc\downloadutils.pas"/>
        <UnitName Value="downloadutils"/>
        <CursorPos X="79" Y="75"/>
        <TopLine Value="55"/>
        <UsageCount Value="15"/>
      </Unit10>
      <Unit11>
        <Filename Value="..\..\coremodules\test\testconstants.pas"/>
        <UnitName Value="testconstants"/>
        <CursorPos X="19" Y="1"/>
        <TopLine Value="1"/>
        <UsageCount Value="13"/>
      </Unit11>
      <Unit12>
        <Filename Value="..\servicefactories.pas"/>
        <UnitName Value="servicefactories"/>
        <CursorPos X="85" Y="115"/>
        <TopLine Value="97"/>
        <UsageCount Value="18"/>
      </Unit12>
      <Unit13>
        <Filename Value="..\..\coremodules\threadmanagers.pas"/>
        <UnitName Value="threadmanagers"/>
        <CursorPos X="38" Y="23"/>
        <TopLine Value="34"/>
        <UsageCount Value="10"/>
      </Unit13>
      <Unit14>
        <Filename Value="..\..\misc\identities.pas"/>
        <UnitName Value="identities"/>
        <CursorPos X="17" Y="24"/>
        <TopLine Value="7"/>
        <UsageCount Value="11"/>
      </Unit14>
      <Unit15>
        <Filename Value="..\..\coremodules\computationthreads.pas"/>
        <UnitName Value="computationthreads"/>
        <CursorPos X="14" Y="15"/>
        <TopLine Value="8"/>
        <UsageCount Value="10"/>
      </Unit15>
      <Unit16>
        <Filename Value="testconstants.pas"/>
        <UnitName Value="testconstants"/>
        <CursorPos X="1" Y="1"/>
        <TopLine Value="1"/>
        <UsageCount Value="12"/>
      </Unit16>
      <Unit17>
        <Filename Value="..\..\coremodules\test\testdownloadthreadmanagers.pas"/>
        <UnitName Value="testdownloadthreadmanagers"/>
        <CursorPos X="34" Y="50"/>
        <TopLine Value="26"/>
        <UsageCount Value="11"/>
      </Unit17>
      <Unit18>
        <Filename Value="..\..\coredb\dbtablemanagers.pas"/>
        <UnitName Value="dbtablemanagers"/>
        <CursorPos X="54" Y="56"/>
        <TopLine Value="32"/>
        <UsageCount Value="13"/>
      </Unit18>
      <Unit19>
        <Filename Value="..\..\coremodules\specialcommands.pas"/>
        <UnitName Value="specialcommands"/>
        <CursorPos X="80" Y="159"/>
        <TopLine Value="147"/>
        <UsageCount Value="11"/>
      </Unit19>
      <Unit20>
        <Filename Value="..\coreconfigurations.pas"/>
        <UnitName Value="coreconfigurations"/>
        <CursorPos X="1" Y="11"/>
        <TopLine Value="1"/>
        <UsageCount Value="13"/>
      </Unit20>
      <Unit21>
        <Filename Value="..\..\coredb\nodetables.pas"/>
        <UnitName Value="nodetables"/>
        <CursorPos X="66" Y="131"/>
        <TopLine Value="120"/>
        <UsageCount Value="11"/>
      </Unit21>
      <Unit22>
        <Filename Value="..\..\..\..\..\..\bin\data\core\sqlite\core-schema.sql"/>
        <CursorPos X="21" Y="55"/>
        <TopLine Value="48"/>
        <UsageCount Value="11"/>
        <SyntaxHighlighter Value="SQL"/>
      </Unit22>
      <Unit23>
        <Filename Value="..\..\..\..\..\server\supercluster\get_servers.php"/>
        <CursorPos X="1" Y="1"/>
        <TopLine Value="1"/>
        <UsageCount Value="11"/>
        <SyntaxHighlighter Value="PHP"/>
      </Unit23>
      <Unit24>
        <Filename Value="..\transmitnodeservices.pas"/>
        <UnitName Value="transmitnodeservices"/>
        <CursorPos X="1" Y="66"/>
        <TopLine Value="50"/>
        <UsageCount Value="11"/>
      </Unit24>
      <Unit25>
        <Filename Value="..\..\coredb\coretables.pas"/>
        <UnitName Value="coretables"/>
        <CursorPos X="1" Y="1"/>
        <TopLine Value="1"/>
        <UsageCount Value="12"/>
      </Unit25>
      <Unit26>
        <Filename Value="..\..\coredb\clienttables.pas"/>
        <UnitName Value="clienttables"/>
        <CursorPos X="45" Y="52"/>
        <TopLine Value="40"/>
        <UsageCount Value="12"/>
      </Unit26>
      <Unit27>
        <Filename Value="..\transmitclientservices.pas"/>
        <UnitName Value="transmitclientservices"/>
        <CursorPos X="53" Y="60"/>
        <TopLine Value="53"/>
        <UsageCount Value="12"/>
      </Unit27>
      <Unit28>
        <Filename Value="..\receiveclientservices.pas"/>
        <UnitName Value="receiveclientservices"/>
        <CursorPos X="101" Y="109"/>
        <TopLine Value="85"/>
        <UsageCount Value="12"/>
      </Unit28>
      <Unit29>
        <Filename Value="..\..\coredb\coredb.pas"/>
        <UnitName Value="coredb"/>
        <CursorPos X="42" Y="37"/>
        <TopLine Value="5"/>
        <UsageCount Value="10"/>
      </Unit29>
      <Unit30>
        <Filename Value="..\receiveserverservices.pas"/>
        <UnitName Value="receiveserverservices"/>
        <CursorPos X="21" Y="108"/>
        <TopLine Value="87"/>
        <UsageCount Value="11"/>
      </Unit30>
      <Unit31>
        <Filename Value="..\receiveparamservices.pas"/>
        <UnitName Value="receiveparamservices"/>
        <CursorPos X="43" Y="73"/>
        <TopLine Value="58"/>
        <UsageCount Value="11"/>
      </Unit31>
      <Unit32>
        <Filename Value="..\transmitjobservices.pas"/>
        <UnitName Value="transmitjobservices"/>
        <CursorPos X="78" Y="55"/>
        <TopLine Value="34"/>
        <EditorIndex Value="1"/>
        <UsageCount Value="12"/>
        <Loaded Value="True"/>
      </Unit32>
      <Unit33>
        <Filename Value="..\receivejobservices.pas"/>
        <UnitName Value="receivejobservices"/>
        <CursorPos X="105" Y="71"/>
        <TopLine Value="50"/>
        <EditorIndex Value="0"/>
        <UsageCount Value="12"/>
        <Loaded Value="True"/>
      </Unit33>
      <Unit34>
        <Filename Value="..\..\coredb\jobtables.pas"/>
        <UnitName Value="jobtables"/>
        <CursorPos X="35" Y="89"/>
        <TopLine Value="77"/>
        <UsageCount Value="11"/>
      </Unit34>
      <Unit35>
        <Filename Value="..\receivejobresults.pas"/>
        <UnitName Value="receivejobresults"/>
        <CursorPos X="30" Y="1"/>
        <TopLine Value="1"/>
        <UsageCount Value="10"/>
      </Unit35>
      <Unit36>
        <Filename Value="..\receivejobresultservices.pas"/>
        <UnitName Value="receivejobresultservices"/>
        <CursorPos X="13" Y="59"/>
        <TopLine Value="47"/>
        <EditorIndex Value="2"/>
        <UsageCount Value="11"/>
        <Loaded Value="True"/>
      </Unit36>
      <Unit37>
        <Filename Value="..\transmitjobresultservices.pas"/>
        <UnitName Value="transmitjobresultservices"/>
        <CursorPos X="127" Y="71"/>
        <TopLine Value="59"/>
        <UsageCount Value="10"/>
      </Unit37>
      <Unit38>
        <Filename Value="..\..\coredb\jobresulttables.pas"/>
        <UnitName Value="jobresulttables"/>
        <CursorPos X="54" Y="109"/>
        <TopLine Value="99"/>
        <UsageCount Value="10"/>
      </Unit38>
    </Units>
    <JumpHistory Count="1" HistoryIndex="0">
      <Position1>
        <Filename Value="..\transmitjobservices.pas"/>
        <Caret Line="55" Column="82" TopLine="36"/>
      </Position1>
    </JumpHistory>
  </ProjectOptions>
  <CompilerOptions>
    <Version Value="8"/>
    <PathDelim Value="\"/>
    <SearchPaths>
      <OtherUnitFiles Value="..\;..\..\coredb\;..\..\coremodules\;..\..\misc\;..\..\..\ext\synapse\src\lib\"/>
      <UnitOutputDirectory Value="..\..\..\..\..\..\bin"/>
    </SearchPaths>
    <Parsing>
      <SyntaxOptions>
        <CStyleOperator Value="False"/>
      </SyntaxOptions>
    </Parsing>
    <Other>
      <CompilerPath Value="$(CompPath)"/>
    </Other>
  </CompilerOptions>
  <Debugging>
    <Exceptions Count="2">
      <Item1>
        <Name Value="ECodetoolError"/>
      </Item1>
      <Item2>
        <Name Value="EFOpenError"/>
      </Item2>
    </Exceptions>
  </Debugging>
</CONFIG>
