<?xml version="1.0"?>
<CONFIG>
  <ProjectOptions>
    <PathDelim Value="\"/>
    <Version Value="7"/>
    <General>
      <Flags>
        <LRSInOutputDirectory Value="False"/>
      </Flags>
      <MainUnit Value="0"/>
      <TargetFileExt Value=".exe"/>
      <ActiveEditorIndexAtStart Value="9"/>
    </General>
    <VersionInfo>
      <ProjectVersion Value=""/>
      <Language Value=""/>
      <CharSet Value=""/>
    </VersionInfo>
    <PublishOptions>
      <Version Value="2"/>
      <IgnoreBinaries Value="False"/>
      <IncludeFileFilter Value="*.(pas|pp|inc|lfm|lpr|lrs|lpi|lpk|sh|xml)"/>
      <ExcludeFileFilter Value="*.(bak|ppu|ppw|o|so);*~;backup"/>
    </PublishOptions>
    <RunParams>
      <local>
        <FormatVersion Value="1"/>
        <LaunchingApplication PathPlusParams="/usr/X11R6/bin/xterm -T 'Lazarus Run Output' -e $(LazarusDir)/tools/runwait.sh $(TargetCmdLine)"/>
      </local>
    </RunParams>
    <RequiredPackages Count="2">
      <Item1>
        <PackageName Value="FPCUnitConsoleRunner"/>
      </Item1>
      <Item2>
        <PackageName Value="FCL"/>
      </Item2>
    </RequiredPackages>
    <Units Count="19">
      <Unit0>
        <Filename Value="coreservicestest.lpr"/>
        <IsPartOfProject Value="True"/>
        <UnitName Value="coreservicestest"/>
        <UsageCount Value="29"/>
      </Unit0>
      <Unit1>
        <Filename Value="testservices.pas"/>
        <IsPartOfProject Value="True"/>
        <UnitName Value="testservices"/>
        <CursorPos X="19" Y="18"/>
        <TopLine Value="17"/>
        <EditorIndex Value="4"/>
        <UsageCount Value="29"/>
        <Loaded Value="True"/>
      </Unit1>
      <Unit2>
        <Filename Value="..\servicemanagers.pas"/>
        <UnitName Value="servicemanagers"/>
        <CursorPos X="27" Y="14"/>
        <TopLine Value="1"/>
        <EditorIndex Value="7"/>
        <UsageCount Value="15"/>
        <Loaded Value="True"/>
      </Unit2>
      <Unit3>
        <Filename Value="..\servermanagers.pas"/>
        <UnitName Value="servermanagers"/>
        <CursorPos X="42" Y="31"/>
        <TopLine Value="31"/>
        <EditorIndex Value="1"/>
        <UsageCount Value="14"/>
        <Loaded Value="True"/>
      </Unit3>
      <Unit4>
        <Filename Value="..\..\..\..\..\..\..\backup\fileschanged.txt"/>
        <CursorPos X="18" Y="8"/>
        <TopLine Value="1"/>
        <UsageCount Value="15"/>
        <SyntaxHighlighter Value="None"/>
      </Unit4>
      <Unit5>
        <Filename Value="..\coreservices.pas"/>
        <UnitName Value="coreservices"/>
        <CursorPos X="46" Y="12"/>
        <TopLine Value="1"/>
        <UsageCount Value="14"/>
      </Unit5>
      <Unit6>
        <Filename Value="..\receivenodeservices.pas"/>
        <UnitName Value="receivenodeservices"/>
        <CursorPos X="25" Y="100"/>
        <TopLine Value="76"/>
        <EditorIndex Value="6"/>
        <UsageCount Value="14"/>
        <Loaded Value="True"/>
      </Unit6>
      <Unit7>
        <Filename Value="..\..\coremodules\downloadthreadmanagers.pas"/>
        <UnitName Value="downloadthreadmanagers"/>
        <CursorPos X="16" Y="86"/>
        <TopLine Value="46"/>
        <UsageCount Value="10"/>
      </Unit7>
      <Unit8>
        <Filename Value="..\..\coremodules\downloadthreads.pas"/>
        <UnitName Value="downloadthreads"/>
        <CursorPos X="63" Y="20"/>
        <TopLine Value="6"/>
        <UsageCount Value="10"/>
      </Unit8>
      <Unit9>
        <Filename Value="..\..\coremodules\managedthreads.pas"/>
        <UnitName Value="managedthreads"/>
        <CursorPos X="28" Y="5"/>
        <TopLine Value="1"/>
        <EditorIndex Value="8"/>
        <UsageCount Value="15"/>
        <Loaded Value="True"/>
      </Unit9>
      <Unit10>
        <Filename Value="..\..\misc\downloadutils.pas"/>
        <UnitName Value="downloadutils"/>
        <CursorPos X="1" Y="1"/>
        <TopLine Value="1"/>
        <EditorIndex Value="9"/>
        <UsageCount Value="13"/>
        <Loaded Value="True"/>
      </Unit10>
      <Unit11>
        <Filename Value="..\..\coremodules\test\testconstants.pas"/>
        <UnitName Value="testconstants"/>
        <CursorPos X="19" Y="1"/>
        <TopLine Value="1"/>
        <UsageCount Value="13"/>
      </Unit11>
      <Unit12>
        <Filename Value="..\servicefactories.pas"/>
        <UnitName Value="servicefactories"/>
        <CursorPos X="24" Y="12"/>
        <TopLine Value="2"/>
        <EditorIndex Value="0"/>
        <UsageCount Value="14"/>
        <Loaded Value="True"/>
      </Unit12>
      <Unit13>
        <Filename Value="..\..\coremodules\threadmanagers.pas"/>
        <UnitName Value="threadmanagers"/>
        <CursorPos X="38" Y="23"/>
        <TopLine Value="34"/>
        <UsageCount Value="10"/>
      </Unit13>
      <Unit14>
        <Filename Value="..\..\misc\identities.pas"/>
        <UnitName Value="identities"/>
        <CursorPos X="12" Y="25"/>
        <TopLine Value="23"/>
        <UsageCount Value="10"/>
      </Unit14>
      <Unit15>
        <Filename Value="..\..\coremodules\computationthreads.pas"/>
        <UnitName Value="computationthreads"/>
        <CursorPos X="14" Y="15"/>
        <TopLine Value="8"/>
        <UsageCount Value="10"/>
      </Unit15>
      <Unit16>
        <Filename Value="testconstants.pas"/>
        <UnitName Value="testconstants"/>
        <CursorPos X="1" Y="1"/>
        <TopLine Value="1"/>
        <EditorIndex Value="3"/>
        <UsageCount Value="11"/>
        <Loaded Value="True"/>
      </Unit16>
      <Unit17>
        <Filename Value="..\..\coremodules\test\testdownloadthreadmanagers.pas"/>
        <UnitName Value="testdownloadthreadmanagers"/>
        <CursorPos X="34" Y="50"/>
        <TopLine Value="26"/>
        <EditorIndex Value="2"/>
        <UsageCount Value="10"/>
        <Loaded Value="True"/>
      </Unit17>
      <Unit18>
        <Filename Value="..\..\coredb\dbtablemanagers.pas"/>
        <UnitName Value="dbtablemanagers"/>
        <CursorPos X="1" Y="1"/>
        <TopLine Value="1"/>
        <EditorIndex Value="5"/>
        <UsageCount Value="10"/>
        <Loaded Value="True"/>
      </Unit18>
    </Units>
    <JumpHistory Count="10" HistoryIndex="9">
      <Position1>
        <Filename Value="..\servicemanagers.pas"/>
        <Caret Line="52" Column="64" TopLine="3"/>
      </Position1>
      <Position2>
        <Filename Value="..\servicemanagers.pas"/>
        <Caret Line="37" Column="1" TopLine="1"/>
      </Position2>
      <Position3>
        <Filename Value="..\servicemanagers.pas"/>
        <Caret Line="28" Column="18" TopLine="2"/>
      </Position3>
      <Position4>
        <Filename Value="..\servicemanagers.pas"/>
        <Caret Line="51" Column="31" TopLine="2"/>
      </Position4>
      <Position5>
        <Filename Value="..\servicemanagers.pas"/>
        <Caret Line="17" Column="74" TopLine="1"/>
      </Position5>
      <Position6>
        <Filename Value="..\servicemanagers.pas"/>
        <Caret Line="54" Column="1" TopLine="2"/>
      </Position6>
      <Position7>
        <Filename Value="..\servicemanagers.pas"/>
        <Caret Line="24" Column="46" TopLine="1"/>
      </Position7>
      <Position8>
        <Filename Value="..\servicemanagers.pas"/>
        <Caret Line="3" Column="1" TopLine="1"/>
      </Position8>
      <Position9>
        <Filename Value="testservices.pas"/>
        <Caret Line="1" Column="18" TopLine="1"/>
      </Position9>
      <Position10>
        <Filename Value="..\..\misc\downloadutils.pas"/>
        <Caret Line="15" Column="125" TopLine="1"/>
      </Position10>
    </JumpHistory>
  </ProjectOptions>
  <CompilerOptions>
    <Version Value="8"/>
    <PathDelim Value="\"/>
    <SearchPaths>
      <OtherUnitFiles Value="..\;..\..\coredb\;..\..\coremodules\;..\..\misc\;..\..\..\ext\synapse\src\lib\"/>
      <UnitOutputDirectory Value="..\..\..\..\..\..\bin"/>
    </SearchPaths>
    <Parsing>
      <SyntaxOptions>
        <CStyleOperator Value="False"/>
      </SyntaxOptions>
    </Parsing>
    <Other>
      <CompilerPath Value="$(CompPath)"/>
    </Other>
  </CompilerOptions>
  <Debugging>
    <Exceptions Count="2">
      <Item1>
        <Name Value="ECodetoolError"/>
      </Item1>
      <Item2>
        <Name Value="EFOpenError"/>
      </Item2>
    </Exceptions>
  </Debugging>
</CONFIG>
