<?xml version="1.0"?>
<CONFIG>
  <ProjectOptions>
    <PathDelim Value="\"/>
    <Version Value="7"/>
    <General>
      <Flags>
        <LRSInOutputDirectory Value="False"/>
      </Flags>
      <MainUnit Value="0"/>
      <TargetFileExt Value=".exe"/>
      <ActiveEditorIndexAtStart Value="3"/>
    </General>
    <VersionInfo>
      <ProjectVersion Value=""/>
      <Language Value=""/>
      <CharSet Value=""/>
    </VersionInfo>
    <PublishOptions>
      <Version Value="2"/>
      <IgnoreBinaries Value="False"/>
      <IncludeFileFilter Value="*.(pas|pp|inc|lfm|lpr|lrs|lpi|lpk|sh|xml)"/>
      <ExcludeFileFilter Value="*.(bak|ppu|ppw|o|so);*~;backup"/>
    </PublishOptions>
    <RunParams>
      <local>
        <FormatVersion Value="1"/>
        <LaunchingApplication PathPlusParams="/usr/X11R6/bin/xterm -T 'Lazarus Run Output' -e $(LazarusDir)/tools/runwait.sh $(TargetCmdLine)"/>
      </local>
    </RunParams>
    <RequiredPackages Count="2">
      <Item1>
        <PackageName Value="SQLDBLaz"/>
        <MinVersion Major="1" Release="1" Valid="True"/>
      </Item1>
      <Item2>
        <PackageName Value="LCL"/>
      </Item2>
    </RequiredPackages>
    <Units Count="32">
      <Unit0>
        <Filename Value="gpu.lpr"/>
        <IsPartOfProject Value="True"/>
        <UnitName Value="gpu"/>
        <CursorPos X="12" Y="20"/>
        <TopLine Value="7"/>
        <EditorIndex Value="15"/>
        <UsageCount Value="91"/>
        <Loaded Value="True"/>
      </Unit0>
      <Unit1>
        <Filename Value="mainapp.pas"/>
        <IsPartOfProject Value="True"/>
        <ComponentName Value="GPUMainApp"/>
        <ResourceBaseClass Value="Form"/>
        <UnitName Value="mainapp"/>
        <CursorPos X="35" Y="20"/>
        <TopLine Value="3"/>
        <EditorIndex Value="0"/>
        <UsageCount Value="91"/>
        <Loaded Value="True"/>
      </Unit1>
      <Unit2>
        <Filename Value="..\..\..\..\gpu_solar\lib\libclimate\earthDrawingControl.pas"/>
        <UnitName Value="earthDrawingControl"/>
        <CursorPos X="1" Y="1"/>
        <TopLine Value="1"/>
        <UsageCount Value="5"/>
      </Unit2>
      <Unit3>
        <Filename Value="..\lib\ext\misc\arcball.pas"/>
        <UnitName Value="arcball"/>
        <CursorPos X="31" Y="25"/>
        <TopLine Value="1"/>
        <UsageCount Value="5"/>
      </Unit3>
      <Unit4>
        <Filename Value="..\..\..\..\gpu_solar\lib\libclimate\threeDplots.pas"/>
        <UnitName Value="threeDplots"/>
        <CursorPos X="1" Y="1"/>
        <TopLine Value="1"/>
        <UsageCount Value="5"/>
      </Unit4>
      <Unit5>
        <Filename Value="..\..\..\..\gpu_solar\lib\libclimate\OpenGLWorldControl.pas"/>
        <UnitName Value="OpenGLWorldControl"/>
        <CursorPos X="137" Y="10"/>
        <TopLine Value="1"/>
        <UsageCount Value="5"/>
      </Unit5>
      <Unit6>
        <Filename Value="..\lib\own\libclimate\datastructure.pas"/>
        <UnitName Value="datastructure"/>
        <CursorPos X="32" Y="41"/>
        <TopLine Value="18"/>
        <UsageCount Value="13"/>
      </Unit6>
      <Unit7>
        <Filename Value="..\lib\own\libsphere\texturedrawingcontrol.pas"/>
        <UnitName Value="texturedrawingcontrol"/>
        <CursorPos X="41" Y="67"/>
        <TopLine Value="36"/>
        <UsageCount Value="43"/>
      </Unit7>
      <Unit8>
        <Filename Value="..\lib\own\misc\colors.pas"/>
        <UnitName Value="colors"/>
        <CursorPos X="14" Y="13"/>
        <TopLine Value="1"/>
        <EditorIndex Value="14"/>
        <UsageCount Value="37"/>
        <Loaded Value="True"/>
      </Unit8>
      <Unit9>
        <Filename Value="..\lib\own\libsphere\texturestructure.pas"/>
        <UnitName Value="texturestructure"/>
        <CursorPos X="1" Y="20"/>
        <TopLine Value="1"/>
        <UsageCount Value="36"/>
      </Unit9>
      <Unit10>
        <Filename Value="..\lib\own\libsphere\openglspherecontrol.pas"/>
        <UnitName Value="openglspherecontrol"/>
        <CursorPos X="33" Y="68"/>
        <TopLine Value="33"/>
        <UsageCount Value="34"/>
      </Unit10>
      <Unit11>
        <Filename Value="..\lib\own\libsphere\sphere3dplots.pas"/>
        <UnitName Value="sphere3dplots"/>
        <CursorPos X="69" Y="53"/>
        <TopLine Value="25"/>
        <UsageCount Value="36"/>
      </Unit11>
      <Unit12>
        <Filename Value="..\lib\own\misc\conversions.pas"/>
        <UnitName Value="conversions"/>
        <CursorPos X="17" Y="1"/>
        <TopLine Value="1"/>
        <UsageCount Value="36"/>
      </Unit12>
      <Unit13>
        <Filename Value="..\lib\own\misc\identities.pas"/>
        <UnitName Value="identities"/>
        <CursorPos X="16" Y="59"/>
        <TopLine Value="37"/>
        <UsageCount Value="36"/>
      </Unit13>
      <Unit14>
        <Filename Value="..\..\..\..\backup\fileschanged.txt"/>
        <CursorPos X="24" Y="8"/>
        <TopLine Value="1"/>
        <UsageCount Value="36"/>
        <SyntaxHighlighter Value="None"/>
      </Unit14>
      <Unit15>
        <Filename Value="..\..\..\..\gpu_solar\src\frontend\thedayaftertomorrow\simclimateUnit.pas"/>
        <ComponentName Value="earthForm"/>
        <HasResources Value="True"/>
        <ResourceBaseClass Value="Form"/>
        <UnitName Value="simclimateUnit"/>
        <CursorPos X="44" Y="287"/>
        <TopLine Value="253"/>
        <UsageCount Value="35"/>
      </Unit15>
      <Unit16>
        <Filename Value="netmapperforms.pas"/>
        <IsPartOfProject Value="True"/>
        <ComponentName Value="NetmapperForm"/>
        <ResourceBaseClass Value="Form"/>
        <UnitName Value="netmapperforms"/>
        <CursorPos X="60" Y="48"/>
        <TopLine Value="27"/>
        <EditorIndex Value="12"/>
        <UsageCount Value="70"/>
        <Loaded Value="True"/>
      </Unit16>
      <Unit17>
        <Filename Value="..\lib\own\libsphere\earthtextures.pas"/>
        <UnitName Value="earthtextures"/>
        <CursorPos X="38" Y="124"/>
        <TopLine Value="100"/>
        <EditorIndex Value="13"/>
        <UsageCount Value="31"/>
        <Loaded Value="True"/>
      </Unit17>
      <Unit18>
        <Filename Value="chatforms.pas"/>
        <IsPartOfProject Value="True"/>
        <ComponentName Value="ChatForm"/>
        <ResourceBaseClass Value="Form"/>
        <UnitName Value="chatforms"/>
        <CursorPos X="72" Y="53"/>
        <TopLine Value="41"/>
        <EditorIndex Value="3"/>
        <UsageCount Value="62"/>
        <Loaded Value="True"/>
      </Unit18>
      <Unit19>
        <Filename Value="parametersforms.pas"/>
        <IsPartOfProject Value="True"/>
        <ComponentName Value="ParametersForm"/>
        <ResourceBaseClass Value="Form"/>
        <UnitName Value="parametersforms"/>
        <CursorPos X="45" Y="134"/>
        <TopLine Value="134"/>
        <EditorIndex Value="11"/>
        <UsageCount Value="54"/>
        <Loaded Value="True"/>
      </Unit19>
      <Unit20>
        <Filename Value="..\lib\own\coreservices\coreconfigurations.pas"/>
        <UnitName Value="coreconfigurations"/>
        <CursorPos X="13" Y="66"/>
        <TopLine Value="42"/>
        <EditorIndex Value="16"/>
        <UsageCount Value="20"/>
        <Loaded Value="True"/>
      </Unit20>
      <Unit21>
        <Filename Value="coreobjects.pas"/>
        <UnitName Value="coreobjects"/>
        <CursorPos X="85" Y="17"/>
        <TopLine Value="16"/>
        <UsageCount Value="17"/>
      </Unit21>
      <Unit22>
        <Filename Value="..\lib\own\misc\loggers.pas"/>
        <UnitName Value="loggers"/>
        <CursorPos X="108" Y="15"/>
        <TopLine Value="1"/>
        <EditorIndex Value="2"/>
        <UsageCount Value="20"/>
        <Loaded Value="True"/>
      </Unit22>
      <Unit23>
        <Filename Value="..\lib\own\coremodules\stkconstants.pas"/>
        <UnitName Value="stkconstants"/>
        <CursorPos X="12" Y="90"/>
        <TopLine Value="66"/>
        <EditorIndex Value="1"/>
        <UsageCount Value="14"/>
        <Loaded Value="True"/>
      </Unit23>
      <Unit24>
        <Filename Value="..\lib\own\coreservices\servicefactories.pas"/>
        <UnitName Value="servicefactories"/>
        <CursorPos X="52" Y="33"/>
        <TopLine Value="9"/>
        <EditorIndex Value="10"/>
        <UsageCount Value="13"/>
        <Loaded Value="True"/>
      </Unit24>
      <Unit25>
        <Filename Value="..\lib\own\coreservices\servicemanagers.pas"/>
        <UnitName Value="servicemanagers"/>
        <CursorPos X="1" Y="1"/>
        <TopLine Value="1"/>
        <EditorIndex Value="9"/>
        <UsageCount Value="13"/>
        <Loaded Value="True"/>
      </Unit25>
      <Unit26>
        <Filename Value="corelaunchers.pas"/>
        <IsPartOfProject Value="True"/>
        <UnitName Value="corelaunchers"/>
        <CursorPos X="19" Y="1"/>
        <TopLine Value="1"/>
        <UsageCount Value="23"/>
      </Unit26>
      <Unit27>
        <Filename Value="..\lib\own\coredb\channeltables.pas"/>
        <UnitName Value="channeltables"/>
        <CursorPos X="19" Y="112"/>
        <TopLine Value="88"/>
        <EditorIndex Value="7"/>
        <UsageCount Value="11"/>
        <Loaded Value="True"/>
      </Unit27>
      <Unit28>
        <Filename Value="..\lib\own\coreservices\receivechannelservices.pas"/>
        <UnitName Value="receivechannelservices"/>
        <CursorPos X="36" Y="13"/>
        <TopLine Value="13"/>
        <EditorIndex Value="8"/>
        <UsageCount Value="10"/>
        <Loaded Value="True"/>
      </Unit28>
      <Unit29>
        <Filename Value="..\lib\own\coredb\retrievedtables.pas"/>
        <UnitName Value="retrievedtables"/>
        <CursorPos X="1" Y="1"/>
        <TopLine Value="1"/>
        <EditorIndex Value="6"/>
        <UsageCount Value="10"/>
        <Loaded Value="True"/>
      </Unit29>
      <Unit30>
        <Filename Value="..\lib\own\coremodules\coreobjects.pas"/>
        <UnitName Value="coreobjects"/>
        <CursorPos X="11" Y="21"/>
        <TopLine Value="21"/>
        <EditorIndex Value="4"/>
        <UsageCount Value="10"/>
        <Loaded Value="True"/>
      </Unit30>
      <Unit31>
        <Filename Value="..\core\coremonitors.pas"/>
        <UnitName Value="coremonitors"/>
        <CursorPos X="85" Y="39"/>
        <TopLine Value="22"/>
        <EditorIndex Value="5"/>
        <UsageCount Value="10"/>
        <Loaded Value="True"/>
      </Unit31>
    </Units>
    <JumpHistory Count="30" HistoryIndex="29">
      <Position1>
        <Filename Value="gpu.lpr"/>
        <Caret Line="12" Column="44" TopLine="1"/>
      </Position1>
      <Position2>
        <Filename Value="..\lib\own\coreservices\coreconfigurations.pas"/>
        <Caret Line="5" Column="46" TopLine="1"/>
      </Position2>
      <Position3>
        <Filename Value="..\lib\own\coreservices\servicefactories.pas"/>
        <Caret Line="1" Column="1" TopLine="1"/>
      </Position3>
      <Position4>
        <Filename Value="..\lib\own\coreservices\coreconfigurations.pas"/>
        <Caret Line="67" Column="27" TopLine="50"/>
      </Position4>
      <Position5>
        <Filename Value="gpu.lpr"/>
        <Caret Line="13" Column="95" TopLine="1"/>
      </Position5>
      <Position6>
        <Filename Value="gpu.lpr"/>
        <Caret Line="30" Column="1" TopLine="7"/>
      </Position6>
      <Position7>
        <Filename Value="..\lib\own\coredb\channeltables.pas"/>
        <Caret Line="102" Column="44" TopLine="90"/>
      </Position7>
      <Position8>
        <Filename Value="..\lib\own\coredb\channeltables.pas"/>
        <Caret Line="10" Column="54" TopLine="1"/>
      </Position8>
      <Position9>
        <Filename Value="chatforms.pas"/>
        <Caret Line="61" Column="19" TopLine="42"/>
      </Position9>
      <Position10>
        <Filename Value="chatforms.pas"/>
        <Caret Line="68" Column="19" TopLine="44"/>
      </Position10>
      <Position11>
        <Filename Value="chatforms.pas"/>
        <Caret Line="62" Column="85" TopLine="52"/>
      </Position11>
      <Position12>
        <Filename Value="..\lib\own\coredb\channeltables.pas"/>
        <Caret Line="111" Column="36" TopLine="94"/>
      </Position12>
      <Position13>
        <Filename Value="gpu.lpr"/>
        <Caret Line="16" Column="13" TopLine="7"/>
      </Position13>
      <Position14>
        <Filename Value="chatforms.pas"/>
        <Caret Line="63" Column="51" TopLine="54"/>
      </Position14>
      <Position15>
        <Filename Value="..\lib\own\coredb\channeltables.pas"/>
        <Caret Line="111" Column="85" TopLine="96"/>
      </Position15>
      <Position16>
        <Filename Value="gpu.lpr"/>
        <Caret Line="29" Column="25" TopLine="7"/>
      </Position16>
      <Position17>
        <Filename Value="gpu.lpr"/>
        <Caret Line="25" Column="25" TopLine="1"/>
      </Position17>
      <Position18>
        <Filename Value="gpu.lpr"/>
        <Caret Line="30" Column="1" TopLine="7"/>
      </Position18>
      <Position19>
        <Filename Value="chatforms.pas"/>
        <Caret Line="50" Column="44" TopLine="37"/>
      </Position19>
      <Position20>
        <Filename Value="parametersforms.pas"/>
        <Caret Line="148" Column="35" TopLine="124"/>
      </Position20>
      <Position21>
        <Filename Value="parametersforms.pas"/>
        <Caret Line="149" Column="35" TopLine="125"/>
      </Position21>
      <Position22>
        <Filename Value="chatforms.pas"/>
        <Caret Line="10" Column="47" TopLine="1"/>
      </Position22>
      <Position23>
        <Filename Value="gpu.lpr"/>
        <Caret Line="20" Column="12" TopLine="7"/>
      </Position23>
      <Position24>
        <Filename Value="chatforms.pas"/>
        <Caret Line="83" Column="89" TopLine="59"/>
      </Position24>
      <Position25>
        <Filename Value="chatforms.pas"/>
        <Caret Line="74" Column="42" TopLine="69"/>
      </Position25>
      <Position26>
        <Filename Value="parametersforms.pas"/>
        <Caret Line="148" Column="35" TopLine="125"/>
      </Position26>
      <Position27>
        <Filename Value="parametersforms.pas"/>
        <Caret Line="84" Column="18" TopLine="80"/>
      </Position27>
      <Position28>
        <Filename Value="parametersforms.pas"/>
        <Caret Line="62" Column="25" TopLine="50"/>
      </Position28>
      <Position29>
        <Filename Value="parametersforms.pas"/>
        <Caret Line="84" Column="24" TopLine="72"/>
      </Position29>
      <Position30>
        <Filename Value="chatforms.pas"/>
        <Caret Line="80" Column="99" TopLine="64"/>
      </Position30>
    </JumpHistory>
  </ProjectOptions>
  <CompilerOptions>
    <Version Value="8"/>
    <PathDelim Value="\"/>
    <SearchPaths>
      <OtherUnitFiles Value="..\lib\own\coreservices\;..\lib\own\coremodules\;..\lib\own\misc\;..\lib\ext\synapse\src\lib\;..\lib\ext\misc\;..\lib\own\libsphere\;c:\lazarus\components\opengl\;..\lib\own\coredb\;..\core\"/>
      <UnitOutputDirectory Value="..\..\..\bin"/>
    </SearchPaths>
    <Parsing>
      <SyntaxOptions>
        <CStyleOperator Value="False"/>
      </SyntaxOptions>
    </Parsing>
    <CodeGeneration>
      <SmartLinkUnit Value="True"/>
      <Checks>
        <IOChecks Value="True"/>
      </Checks>
      <HeapSize Value="100000"/>
    </CodeGeneration>
    <Linking>
      <Debugging>
        <UseLineInfoUnit Value="False"/>
      </Debugging>
      <LinkSmart Value="True"/>
      <Options>
        <Win32>
          <GraphicApplication Value="True"/>
        </Win32>
      </Options>
    </Linking>
    <Other>
      <CompilerPath Value="$(CompPath)"/>
    </Other>
  </CompilerOptions>
  <Debugging>
    <Exceptions Count="3">
      <Item1>
        <Name Value="EAbort"/>
      </Item1>
      <Item2>
        <Name Value="ECodetoolError"/>
      </Item2>
      <Item3>
        <Name Value="EFOpenError"/>
      </Item3>
    </Exceptions>
  </Debugging>
</CONFIG>
