<?xml version="1.0"?>
<CONFIG>
  <ProjectOptions>
    <Version Value="9"/>
    <PathDelim Value="\"/>
    <General>
      <Flags>
        <LRSInOutputDirectory Value="False"/>
      </Flags>
      <MainUnit Value="0"/>
      <ActiveWindowIndexAtStart Value="0"/>
    </General>
    <VersionInfo>
      <Language Value=""/>
      <CharSet Value=""/>
      <StringTable ProductVersion=""/>
    </VersionInfo>
    <BuildModes Count="1">
      <Item1 Name="default" Default="True"/>
    </BuildModes>
    <PublishOptions>
      <Version Value="2"/>
      <IgnoreBinaries Value="False"/>
      <IncludeFileFilter Value="*.(pas|pp|inc|lfm|lpr|lrs|lpi|lpk|sh|xml)"/>
      <ExcludeFileFilter Value="*.(bak|ppu|ppw|o|so);*~;backup"/>
    </PublishOptions>
    <RunParams>
      <local>
        <FormatVersion Value="1"/>
        <LaunchingApplication PathPlusParams="/usr/X11R6/bin/xterm -T 'Lazarus Run Output' -e $(LazarusDir)/tools/runwait.sh $(TargetCmdLine)"/>
      </local>
    </RunParams>
    <RequiredPackages Count="2">
      <Item1>
        <PackageName Value="SQLDBLaz"/>
        <MinVersion Major="1" Release="1" Valid="True"/>
      </Item1>
      <Item2>
        <PackageName Value="LCL"/>
      </Item2>
    </RequiredPackages>
    <Units Count="43">
      <Unit0>
        <Filename Value="gpu.lpr"/>
        <IsPartOfProject Value="True"/>
        <UnitName Value="gpu"/>
        <IsVisibleTab Value="True"/>
        <EditorIndex Value="0"/>
        <WindowIndex Value="0"/>
        <TopLine Value="1"/>
        <CursorPos X="1" Y="13"/>
        <UsageCount Value="97"/>
        <Loaded Value="True"/>
        <LoadedDesigner Value="True"/>
      </Unit0>
      <Unit1>
        <Filename Value="mainapp.pas"/>
        <IsPartOfProject Value="True"/>
        <ComponentName Value="GPUMainApp"/>
        <HasResources Value="True"/>
        <ResourceBaseClass Value="Form"/>
        <UnitName Value="mainapp"/>
        <EditorIndex Value="17"/>
        <WindowIndex Value="0"/>
        <TopLine Value="1"/>
        <CursorPos X="19" Y="54"/>
        <UsageCount Value="97"/>
        <Loaded Value="True"/>
      </Unit1>
      <Unit2>
        <Filename Value="..\..\..\..\gpu_solar\lib\libclimate\earthDrawingControl.pas"/>
        <UnitName Value="earthDrawingControl"/>
        <TopLine Value="1"/>
        <CursorPos X="1" Y="1"/>
        <UsageCount Value="5"/>
      </Unit2>
      <Unit3>
        <Filename Value="..\lib\ext\misc\arcball.pas"/>
        <UnitName Value="arcball"/>
        <TopLine Value="1"/>
        <CursorPos X="31" Y="25"/>
        <UsageCount Value="5"/>
      </Unit3>
      <Unit4>
        <Filename Value="..\..\..\..\gpu_solar\lib\libclimate\threeDplots.pas"/>
        <UnitName Value="threeDplots"/>
        <TopLine Value="1"/>
        <CursorPos X="1" Y="1"/>
        <UsageCount Value="5"/>
      </Unit4>
      <Unit5>
        <Filename Value="..\..\..\..\gpu_solar\lib\libclimate\OpenGLWorldControl.pas"/>
        <UnitName Value="OpenGLWorldControl"/>
        <TopLine Value="1"/>
        <CursorPos X="137" Y="10"/>
        <UsageCount Value="5"/>
      </Unit5>
      <Unit6>
        <Filename Value="..\lib\own\libclimate\datastructure.pas"/>
        <UnitName Value="datastructure"/>
        <TopLine Value="18"/>
        <CursorPos X="32" Y="41"/>
        <UsageCount Value="13"/>
      </Unit6>
      <Unit7>
        <Filename Value="..\lib\own\libsphere\texturedrawingcontrol.pas"/>
        <UnitName Value="texturedrawingcontrol"/>
        <TopLine Value="36"/>
        <CursorPos X="41" Y="67"/>
        <UsageCount Value="43"/>
      </Unit7>
      <Unit8>
        <Filename Value="..\lib\own\misc\colors.pas"/>
        <UnitName Value="colors"/>
        <WindowIndex Value="0"/>
        <TopLine Value="1"/>
        <CursorPos X="14" Y="13"/>
        <UsageCount Value="38"/>
      </Unit8>
      <Unit9>
        <Filename Value="..\lib\own\libsphere\texturestructure.pas"/>
        <UnitName Value="texturestructure"/>
        <EditorIndex Value="16"/>
        <WindowIndex Value="0"/>
        <TopLine Value="1"/>
        <CursorPos X="1" Y="1"/>
        <UsageCount Value="37"/>
        <Loaded Value="True"/>
      </Unit9>
      <Unit10>
        <Filename Value="..\lib\own\libsphere\openglspherecontrol.pas"/>
        <UnitName Value="openglspherecontrol"/>
        <EditorIndex Value="12"/>
        <WindowIndex Value="0"/>
        <TopLine Value="88"/>
        <CursorPos X="140" Y="116"/>
        <UsageCount Value="35"/>
        <Loaded Value="True"/>
      </Unit10>
      <Unit11>
        <Filename Value="..\lib\own\libsphere\sphere3dplots.pas"/>
        <UnitName Value="sphere3dplots"/>
        <EditorIndex Value="14"/>
        <WindowIndex Value="0"/>
        <TopLine Value="1"/>
        <CursorPos X="11" Y="22"/>
        <UsageCount Value="36"/>
        <Loaded Value="True"/>
      </Unit11>
      <Unit12>
        <Filename Value="..\lib\own\misc\conversions.pas"/>
        <UnitName Value="conversions"/>
        <TopLine Value="1"/>
        <CursorPos X="17" Y="1"/>
        <UsageCount Value="36"/>
      </Unit12>
      <Unit13>
        <Filename Value="..\lib\own\misc\identities.pas"/>
        <UnitName Value="identities"/>
        <TopLine Value="37"/>
        <CursorPos X="16" Y="59"/>
        <UsageCount Value="36"/>
      </Unit13>
      <Unit14>
        <Filename Value="..\..\..\..\backup\fileschanged.txt"/>
        <WindowIndex Value="0"/>
        <TopLine Value="1"/>
        <CursorPos X="11" Y="6"/>
        <UsageCount Value="37"/>
        <DefaultSyntaxHighlighter Value="None"/>
      </Unit14>
      <Unit15>
        <Filename Value="..\..\..\..\gpu_solar\src\frontend\thedayaftertomorrow\simclimateUnit.pas"/>
        <ComponentName Value="earthForm"/>
        <HasResources Value="True"/>
        <ResourceBaseClass Value="Form"/>
        <UnitName Value="simclimateUnit"/>
        <TopLine Value="253"/>
        <CursorPos X="44" Y="287"/>
        <UsageCount Value="35"/>
      </Unit15>
      <Unit16>
        <Filename Value="netmapperforms.pas"/>
        <IsPartOfProject Value="True"/>
        <ComponentName Value="NetmapperForm"/>
        <HasResources Value="True"/>
        <ResourceBaseClass Value="Form"/>
        <UnitName Value="netmapperforms"/>
        <EditorIndex Value="10"/>
        <WindowIndex Value="0"/>
        <TopLine Value="68"/>
        <CursorPos X="49" Y="61"/>
        <UsageCount Value="76"/>
        <Loaded Value="True"/>
        <LoadedDesigner Value="True"/>
      </Unit16>
      <Unit17>
        <Filename Value="..\lib\own\libsphere\earthtextures.pas"/>
        <UnitName Value="earthtextures"/>
        <EditorIndex Value="15"/>
        <WindowIndex Value="0"/>
        <TopLine Value="9"/>
        <CursorPos X="4" Y="24"/>
        <UsageCount Value="33"/>
        <Loaded Value="True"/>
      </Unit17>
      <Unit18>
        <Filename Value="chatforms.pas"/>
        <IsPartOfProject Value="True"/>
        <ComponentName Value="ChatForm"/>
        <HasResources Value="True"/>
        <ResourceBaseClass Value="Form"/>
        <UnitName Value="chatforms"/>
        <EditorIndex Value="13"/>
        <WindowIndex Value="0"/>
        <TopLine Value="1"/>
        <CursorPos X="51" Y="10"/>
        <UsageCount Value="68"/>
        <Loaded Value="True"/>
      </Unit18>
      <Unit19>
        <Filename Value="parametersforms.pas"/>
        <IsPartOfProject Value="True"/>
        <ComponentName Value="ParametersForm"/>
        <HasResources Value="True"/>
        <ResourceBaseClass Value="Form"/>
        <UnitName Value="parametersforms"/>
        <WindowIndex Value="0"/>
        <TopLine Value="132"/>
        <CursorPos X="45" Y="134"/>
        <UsageCount Value="60"/>
      </Unit19>
      <Unit20>
        <Filename Value="..\lib\own\coreservices\coreconfigurations.pas"/>
        <UnitName Value="coreconfigurations"/>
        <EditorIndex Value="1"/>
        <WindowIndex Value="0"/>
        <TopLine Value="1"/>
        <CursorPos X="45" Y="6"/>
        <UsageCount Value="21"/>
        <Loaded Value="True"/>
      </Unit20>
      <Unit21>
        <Filename Value="coreobjects.pas"/>
        <UnitName Value="coreobjects"/>
        <TopLine Value="16"/>
        <CursorPos X="85" Y="17"/>
        <UsageCount Value="17"/>
      </Unit21>
      <Unit22>
        <Filename Value="..\lib\own\misc\loggers.pas"/>
        <UnitName Value="loggers"/>
        <WindowIndex Value="0"/>
        <TopLine Value="1"/>
        <CursorPos X="108" Y="15"/>
        <UsageCount Value="21"/>
      </Unit22>
      <Unit23>
        <Filename Value="..\lib\own\coremodules\stkconstants.pas"/>
        <UnitName Value="stkconstants"/>
        <WindowIndex Value="0"/>
        <TopLine Value="51"/>
        <CursorPos X="12" Y="90"/>
        <UsageCount Value="15"/>
      </Unit23>
      <Unit24>
        <Filename Value="..\lib\own\coreservices\servicefactories.pas"/>
        <UnitName Value="servicefactories"/>
        <WindowIndex Value="0"/>
        <TopLine Value="9"/>
        <CursorPos X="52" Y="33"/>
        <UsageCount Value="14"/>
      </Unit24>
      <Unit25>
        <Filename Value="..\lib\own\coreservices\servicemanagers.pas"/>
        <UnitName Value="servicemanagers"/>
        <WindowIndex Value="0"/>
        <TopLine Value="1"/>
        <CursorPos X="1" Y="1"/>
        <UsageCount Value="14"/>
      </Unit25>
      <Unit26>
        <Filename Value="corelaunchers.pas"/>
        <IsPartOfProject Value="True"/>
        <UnitName Value="corelaunchers"/>
        <TopLine Value="1"/>
        <CursorPos X="19" Y="1"/>
        <UsageCount Value="29"/>
      </Unit26>
      <Unit27>
        <Filename Value="..\lib\own\coredb\channeltables.pas"/>
        <UnitName Value="channeltables"/>
        <WindowIndex Value="0"/>
        <TopLine Value="79"/>
        <CursorPos X="70" Y="39"/>
        <UsageCount Value="12"/>
      </Unit27>
      <Unit28>
        <Filename Value="..\lib\own\coreservices\receivechannelservices.pas"/>
        <UnitName Value="receivechannelservices"/>
        <WindowIndex Value="0"/>
        <TopLine Value="13"/>
        <CursorPos X="36" Y="13"/>
        <UsageCount Value="11"/>
      </Unit28>
      <Unit29>
        <Filename Value="..\lib\own\coredb\retrievedtables.pas"/>
        <UnitName Value="retrievedtables"/>
        <WindowIndex Value="0"/>
        <TopLine Value="1"/>
        <CursorPos X="1" Y="1"/>
        <UsageCount Value="11"/>
      </Unit29>
      <Unit30>
        <Filename Value="..\lib\own\coremodules\coreobjects.pas"/>
        <UnitName Value="coreobjects"/>
        <EditorIndex Value="5"/>
        <WindowIndex Value="0"/>
        <TopLine Value="8"/>
        <CursorPos X="11" Y="37"/>
        <UsageCount Value="11"/>
        <Loaded Value="True"/>
      </Unit30>
      <Unit31>
        <Filename Value="..\core\coremonitors.pas"/>
        <UnitName Value="coremonitors"/>
        <EditorIndex Value="8"/>
        <WindowIndex Value="0"/>
        <TopLine Value="21"/>
        <CursorPos X="69" Y="47"/>
        <UsageCount Value="11"/>
        <Loaded Value="True"/>
      </Unit31>
      <Unit32>
        <Filename Value="..\core\coreloops.pas"/>
        <UnitName Value="coreloops"/>
        <WindowIndex Value="0"/>
        <TopLine Value="141"/>
        <CursorPos X="34" Y="179"/>
        <UsageCount Value="11"/>
      </Unit32>
      <Unit33>
        <Filename Value="..\..\..\..\freepascal\deltaclient\deltaclientunit.pas"/>
        <ComponentName Value="DeltaForm"/>
        <HasResources Value="True"/>
        <ResourceBaseClass Value="Form"/>
        <UnitName Value="deltaclientunit"/>
        <WindowIndex Value="0"/>
        <TopLine Value="63"/>
        <CursorPos X="35" Y="64"/>
        <UsageCount Value="10"/>
      </Unit33>
      <Unit34>
        <Filename Value="D:\met\apps\lazarus\components\opengl\glwin32wglcontext.pas"/>
        <UnitName Value="GLWin32WGLContext"/>
        <WindowIndex Value="0"/>
        <TopLine Value="2"/>
        <CursorPos X="37" Y="24"/>
        <UsageCount Value="10"/>
      </Unit34>
      <Unit35>
        <Filename Value="mainapp.lfm"/>
        <WindowIndex Value="0"/>
        <TopLine Value="1"/>
        <CursorPos X="1" Y="1"/>
        <UsageCount Value="10"/>
        <DefaultSyntaxHighlighter Value="LFM"/>
      </Unit35>
      <Unit36>
        <Filename Value="netmapperforms.lfm"/>
        <EditorIndex Value="11"/>
        <WindowIndex Value="0"/>
        <TopLine Value="1"/>
        <CursorPos X="1" Y="1"/>
        <UsageCount Value="10"/>
        <Loaded Value="True"/>
        <DefaultSyntaxHighlighter Value="LFM"/>
      </Unit36>
      <Unit37>
        <Filename Value="D:\met\apps\lazarus\fpc\2.6.0\source\rtl\inc\objpash.inc"/>
        <EditorIndex Value="9"/>
        <WindowIndex Value="0"/>
        <TopLine Value="163"/>
        <CursorPos X="23" Y="192"/>
        <UsageCount Value="10"/>
        <Loaded Value="True"/>
      </Unit37>
      <Unit38>
        <Filename Value="..\lib\own\coreservices\workflowmanagers.pas"/>
        <UnitName Value="workflowmanagers"/>
        <EditorIndex Value="2"/>
        <WindowIndex Value="0"/>
        <TopLine Value="1"/>
        <CursorPos X="1" Y="1"/>
        <UsageCount Value="10"/>
        <Loaded Value="True"/>
      </Unit38>
      <Unit39>
        <Filename Value="..\lib\own\coreservices\jobqueueworkflows.pas"/>
        <UnitName Value="jobqueueworkflows"/>
        <EditorIndex Value="3"/>
        <WindowIndex Value="0"/>
        <TopLine Value="211"/>
        <CursorPos X="116" Y="70"/>
        <UsageCount Value="10"/>
        <Loaded Value="True"/>
      </Unit39>
      <Unit40>
        <Filename Value="..\lib\own\coreservices\receivejobservices.pas"/>
        <UnitName Value="receivejobservices"/>
        <EditorIndex Value="4"/>
        <WindowIndex Value="0"/>
        <TopLine Value="90"/>
        <CursorPos X="75" Y="123"/>
        <UsageCount Value="10"/>
        <Loaded Value="True"/>
      </Unit40>
      <Unit41>
        <Filename Value="..\lib\own\coredb\dbtablemanagers.pas"/>
        <UnitName Value="dbtablemanagers"/>
        <EditorIndex Value="6"/>
        <WindowIndex Value="0"/>
        <TopLine Value="25"/>
        <CursorPos X="17" Y="18"/>
        <UsageCount Value="10"/>
        <Loaded Value="True"/>
      </Unit41>
      <Unit42>
        <Filename Value="..\lib\own\coredb\jobstatstables.pas"/>
        <UnitName Value="jobstatstables"/>
        <EditorIndex Value="7"/>
        <WindowIndex Value="0"/>
        <TopLine Value="1"/>
        <CursorPos X="6" Y="21"/>
        <UsageCount Value="10"/>
        <Loaded Value="True"/>
      </Unit42>
    </Units>
    <JumpHistory Count="30" HistoryIndex="29">
      <Position1>
        <Filename Value="..\lib\own\libsphere\earthtextures.pas"/>
        <Caret Line="39" Column="33" TopLine="17"/>
      </Position1>
      <Position2>
        <Filename Value="..\lib\own\libsphere\earthtextures.pas"/>
        <Caret Line="141" Column="13" TopLine="100"/>
      </Position2>
      <Position3>
        <Filename Value="..\lib\own\libsphere\openglspherecontrol.pas"/>
        <Caret Line="135" Column="1" TopLine="100"/>
      </Position3>
      <Position4>
        <Filename Value="netmapperforms.pas"/>
        <Caret Line="44" Column="15" TopLine="30"/>
      </Position4>
      <Position5>
        <Filename Value="..\lib\own\libsphere\sphere3dplots.pas"/>
        <Caret Line="22" Column="11" TopLine="1"/>
      </Position5>
      <Position6>
        <Filename Value="netmapperforms.pas"/>
        <Caret Line="50" Column="62" TopLine="37"/>
      </Position6>
      <Position7>
        <Filename Value="netmapperforms.pas"/>
        <Caret Line="16" Column="6" TopLine="1"/>
      </Position7>
      <Position8>
        <Filename Value="netmapperforms.pas"/>
        <Caret Line="55" Column="1" TopLine="47"/>
      </Position8>
      <Position9>
        <Filename Value="netmapperforms.pas"/>
        <Caret Line="56" Column="1" TopLine="48"/>
      </Position9>
      <Position10>
        <Filename Value="netmapperforms.pas"/>
        <Caret Line="55" Column="1" TopLine="47"/>
      </Position10>
      <Position11>
        <Filename Value="netmapperforms.pas"/>
        <Caret Line="49" Column="44" TopLine="35"/>
      </Position11>
      <Position12>
        <Filename Value="netmapperforms.pas"/>
        <Caret Line="22" Column="1" TopLine="2"/>
      </Position12>
      <Position13>
        <Filename Value="netmapperforms.pas"/>
        <Caret Line="44" Column="2" TopLine="40"/>
      </Position13>
      <Position14>
        <Filename Value="netmapperforms.pas"/>
        <Caret Line="89" Column="2" TopLine="55"/>
      </Position14>
      <Position15>
        <Filename Value="chatforms.pas"/>
        <Caret Line="88" Column="1" TopLine="1"/>
      </Position15>
      <Position16>
        <Filename Value="chatforms.pas"/>
        <Caret Line="52" Column="29" TopLine="23"/>
      </Position16>
      <Position17>
        <Filename Value="gpu.lpr"/>
        <Caret Line="20" Column="108" TopLine="1"/>
      </Position17>
      <Position18>
        <Filename Value="gpu.lpr"/>
        <Caret Line="19" Column="39" TopLine="1"/>
      </Position18>
      <Position19>
        <Filename Value="gpu.lpr"/>
        <Caret Line="22" Column="19" TopLine="1"/>
      </Position19>
      <Position20>
        <Filename Value="gpu.lpr"/>
        <Caret Line="23" Column="30" TopLine="1"/>
      </Position20>
      <Position21>
        <Filename Value="gpu.lpr"/>
        <Caret Line="4" Column="3" TopLine="1"/>
      </Position21>
      <Position22>
        <Filename Value="gpu.lpr"/>
        <Caret Line="20" Column="8" TopLine="1"/>
      </Position22>
      <Position23>
        <Filename Value="gpu.lpr"/>
        <Caret Line="24" Column="3" TopLine="1"/>
      </Position23>
      <Position24>
        <Filename Value="gpu.lpr"/>
        <Caret Line="23" Column="3" TopLine="1"/>
      </Position24>
      <Position25>
        <Filename Value="..\lib\own\coreservices\workflowmanagers.pas"/>
        <Caret Line="1" Column="1" TopLine="1"/>
      </Position25>
      <Position26>
        <Filename Value="gpu.lpr"/>
        <Caret Line="19" Column="34" TopLine="1"/>
      </Position26>
      <Position27>
        <Filename Value="..\lib\own\coremodules\coreobjects.pas"/>
        <Caret Line="36" Column="11" TopLine="37"/>
      </Position27>
      <Position28>
        <Filename Value="..\lib\own\coredb\dbtablemanagers.pas"/>
        <Caret Line="18" Column="17" TopLine="25"/>
      </Position28>
      <Position29>
        <Filename Value="gpu.lpr"/>
        <Caret Line="19" Column="34" TopLine="1"/>
      </Position29>
      <Position30>
        <Filename Value="gpu.lpr"/>
        <Caret Line="3" Column="20" TopLine="1"/>
      </Position30>
    </JumpHistory>
  </ProjectOptions>
  <CompilerOptions>
    <Version Value="11"/>
    <PathDelim Value="\"/>
    <SearchPaths>
      <OtherUnitFiles Value="..\lib\own\coreservices;..\lib\own\coremodules;..\lib\own\misc;..\lib\ext\synapse\src\lib;..\lib\ext\misc;..\lib\own\libsphere;..\lib\own\coredb;..\core;$(LazarusDir)\components\codetools\units\$(TargetCPU)-$(TargetOS);$(LazarusDir)\components\opengl"/>
      <UnitOutputDirectory Value="..\..\..\bin"/>
    </SearchPaths>
    <Parsing>
      <SyntaxOptions>
        <CStyleOperator Value="False"/>
        <UseAnsiStrings Value="False"/>
      </SyntaxOptions>
    </Parsing>
    <CodeGeneration>
      <SmartLinkUnit Value="True"/>
      <Checks>
        <IOChecks Value="True"/>
      </Checks>
      <HeapSize Value="100000"/>
    </CodeGeneration>
    <Linking>
      <Debugging>
        <GenerateDebugInfo Value="False"/>
        <UseLineInfoUnit Value="False"/>
      </Debugging>
      <LinkSmart Value="True"/>
      <Options>
        <Win32>
          <GraphicApplication Value="True"/>
        </Win32>
      </Options>
    </Linking>
    <Other>
      <CompilerPath Value="$(CompPath)"/>
    </Other>
  </CompilerOptions>
  <Debugging>
    <Exceptions Count="3">
      <Item1>
        <Name Value="EAbort"/>
      </Item1>
      <Item2>
        <Name Value="ECodetoolError"/>
      </Item2>
      <Item3>
        <Name Value="EFOpenError"/>
      </Item3>
    </Exceptions>
  </Debugging>
</CONFIG>
