<?xml version="1.0"?>
<CONFIG>
  <ProjectOptions>
    <PathDelim Value="\"/>
    <Version Value="7"/>
    <General>
      <MainUnit Value="0"/>
      <TargetFileExt Value=".exe"/>
      <Icon Value="0"/>
      <UseXPManifest Value="True"/>
      <ActiveEditorIndexAtStart Value="9"/>
    </General>
    <VersionInfo>
      <ProjectVersion Value=""/>
      <Language Value=""/>
      <CharSet Value=""/>
    </VersionInfo>
    <PublishOptions>
      <Version Value="2"/>
      <IgnoreBinaries Value="False"/>
      <IncludeFileFilter Value="*.(pas|pp|inc|lfm|lpr|lrs|lpi|lpk|sh|xml)"/>
      <ExcludeFileFilter Value="*.(bak|ppu|ppw|o|so);*~;backup"/>
    </PublishOptions>
    <RunParams>
      <local>
        <FormatVersion Value="1"/>
        <LaunchingApplication PathPlusParams="/usr/X11R6/bin/xterm -T 'Lazarus Run Output' -e $(LazarusDir)/tools/runwait.sh $(TargetCmdLine)"/>
      </local>
    </RunParams>
    <RequiredPackages Count="2">
      <Item1>
        <PackageName Value="FPCUnitConsoleRunner"/>
      </Item1>
      <Item2>
        <PackageName Value="FCL"/>
      </Item2>
    </RequiredPackages>
    <Units Count="22">
      <Unit0>
        <Filename Value="fpcunittests.lpr"/>
        <IsPartOfProject Value="True"/>
        <UnitName Value="fpcunittests"/>
        <CursorPos X="78" Y="7"/>
        <TopLine Value="1"/>
        <EditorIndex Value="1"/>
        <UsageCount Value="26"/>
        <Loaded Value="True"/>
      </Unit0>
      <Unit1>
        <Filename Value="teststacks.pas"/>
        <IsPartOfProject Value="True"/>
        <UnitName Value="teststacks"/>
        <CursorPos X="53" Y="27"/>
        <TopLine Value="1"/>
        <EditorIndex Value="0"/>
        <UsageCount Value="26"/>
        <Loaded Value="True"/>
      </Unit1>
      <Unit2>
        <Filename Value="..\stacks.pas"/>
        <UnitName Value="stacks"/>
        <CursorPos X="60" Y="54"/>
        <TopLine Value="24"/>
        <EditorIndex Value="19"/>
        <UsageCount Value="13"/>
        <Loaded Value="True"/>
      </Unit2>
      <Unit3>
        <Filename Value="..\..\..\..\lib\own\misc\common.pas"/>
        <UnitName Value="common"/>
        <CursorPos X="16" Y="1"/>
        <TopLine Value="1"/>
        <UsageCount Value="9"/>
      </Unit3>
      <Unit4>
        <Filename Value="..\frontendmanagers.pas"/>
        <UnitName Value="frontendmanagers"/>
        <CursorPos X="23" Y="206"/>
        <TopLine Value="181"/>
        <EditorIndex Value="5"/>
        <UsageCount Value="12"/>
        <Loaded Value="True"/>
      </Unit4>
      <Unit5>
        <Filename Value="..\formatsets.pas"/>
        <UnitName Value="formatsets"/>
        <CursorPos X="1" Y="14"/>
        <TopLine Value="1"/>
        <EditorIndex Value="20"/>
        <UsageCount Value="13"/>
        <Loaded Value="True"/>
      </Unit5>
      <Unit6>
        <Filename Value="..\..\..\..\..\..\..\..\lazarus\fpc\2.2.4\source\packages\fcl-fpcunit\src\testutils.pp"/>
        <UnitName Value="testutils"/>
        <CursorPos X="1" Y="1"/>
        <TopLine Value="1"/>
        <EditorIndex Value="18"/>
        <UsageCount Value="13"/>
        <Loaded Value="True"/>
      </Unit6>
      <Unit7>
        <Filename Value="testplugins.pas"/>
        <UnitName Value="testplugins"/>
        <CursorPos X="10" Y="9"/>
        <TopLine Value="1"/>
        <EditorIndex Value="17"/>
        <UsageCount Value="13"/>
        <Loaded Value="True"/>
      </Unit7>
      <Unit8>
        <Filename Value="..\plugins.pas"/>
        <UnitName Value="plugins"/>
        <CursorPos X="84" Y="32"/>
        <TopLine Value="12"/>
        <EditorIndex Value="16"/>
        <UsageCount Value="13"/>
        <Loaded Value="True"/>
      </Unit8>
      <Unit9>
        <Filename Value="..\pluginmanagers.pas"/>
        <UnitName Value="pluginmanagers"/>
        <CursorPos X="43" Y="266"/>
        <TopLine Value="250"/>
        <EditorIndex Value="14"/>
        <UsageCount Value="13"/>
        <Loaded Value="True"/>
      </Unit9>
      <Unit10>
        <Filename Value="testpluginmanagers.pas"/>
        <UnitName Value="testpluginmanagers"/>
        <CursorPos X="17" Y="9"/>
        <TopLine Value="1"/>
        <EditorIndex Value="15"/>
        <UsageCount Value="13"/>
        <Loaded Value="True"/>
      </Unit10>
      <Unit11>
        <Filename Value="testargretrievers.pas"/>
        <UnitName Value="testargretrievers"/>
        <CursorPos X="16" Y="9"/>
        <TopLine Value="1"/>
        <EditorIndex Value="2"/>
        <UsageCount Value="13"/>
        <Loaded Value="True"/>
      </Unit11>
      <Unit12>
        <Filename Value="..\argretrievers.pas"/>
        <UnitName Value="argretrievers"/>
        <CursorPos X="71" Y="18"/>
        <TopLine Value="11"/>
        <EditorIndex Value="3"/>
        <UsageCount Value="13"/>
        <Loaded Value="True"/>
      </Unit12>
      <Unit13>
        <Filename Value="..\..\..\..\lib\own\misc\utils.pas"/>
        <UnitName Value="utils"/>
        <CursorPos X="5" Y="28"/>
        <TopLine Value="1"/>
        <EditorIndex Value="13"/>
        <UsageCount Value="12"/>
        <Loaded Value="True"/>
      </Unit13>
      <Unit14>
        <Filename Value="..\..\..\..\lib\own\misc\identities.pas"/>
        <UnitName Value="identities"/>
        <CursorPos X="25" Y="29"/>
        <TopLine Value="14"/>
        <EditorIndex Value="4"/>
        <UsageCount Value="12"/>
        <Loaded Value="True"/>
      </Unit14>
      <Unit15>
        <Filename Value="..\specialcommands.pas"/>
        <UnitName Value="specialcommands"/>
        <CursorPos X="41" Y="14"/>
        <TopLine Value="3"/>
        <EditorIndex Value="6"/>
        <UsageCount Value="12"/>
        <Loaded Value="True"/>
      </Unit15>
      <Unit16>
        <Filename Value="..\computationthreads.pas"/>
        <UnitName Value="computationthreads"/>
        <CursorPos X="62" Y="46"/>
        <TopLine Value="1"/>
        <EditorIndex Value="8"/>
        <UsageCount Value="12"/>
        <Loaded Value="True"/>
      </Unit16>
      <Unit17>
        <Filename Value="..\methodcontrollers.pas"/>
        <UnitName Value="methodcontrollers"/>
        <CursorPos X="40" Y="126"/>
        <TopLine Value="97"/>
        <EditorIndex Value="12"/>
        <UsageCount Value="12"/>
        <Loaded Value="True"/>
      </Unit17>
      <Unit18>
        <Filename Value="..\coremodules.pas"/>
        <IsPartOfProject Value="True"/>
        <UnitName Value="coremodules"/>
        <CursorPos X="53" Y="9"/>
        <TopLine Value="1"/>
        <EditorIndex Value="10"/>
        <UsageCount Value="24"/>
        <Loaded Value="True"/>
      </Unit18>
      <Unit19>
        <Filename Value="..\tgpu2.pas"/>
        <UnitName Value="TGPU2"/>
        <CursorPos X="14" Y="78"/>
        <TopLine Value="1"/>
        <EditorIndex Value="11"/>
        <UsageCount Value="12"/>
        <Loaded Value="True"/>
      </Unit19>
      <Unit20>
        <Filename Value="..\resultcollectors.pas"/>
        <UnitName Value="resultcollectors"/>
        <CursorPos X="15" Y="15"/>
        <TopLine Value="11"/>
        <EditorIndex Value="7"/>
        <UsageCount Value="10"/>
        <Loaded Value="True"/>
      </Unit20>
      <Unit21>
        <Filename Value="..\parsers.pas"/>
        <UnitName Value="parser"/>
        <CursorPos X="17" Y="14"/>
        <TopLine Value="1"/>
        <EditorIndex Value="9"/>
        <UsageCount Value="10"/>
        <Loaded Value="True"/>
      </Unit21>
    </Units>
    <JumpHistory Count="30" HistoryIndex="29">
      <Position1>
        <Filename Value="..\frontendmanagers.pas"/>
        <Caret Line="147" Column="49" TopLine="131"/>
      </Position1>
      <Position2>
        <Filename Value="..\frontendmanagers.pas"/>
        <Caret Line="152" Column="19" TopLine="136"/>
      </Position2>
      <Position3>
        <Filename Value="..\frontendmanagers.pas"/>
        <Caret Line="13" Column="25" TopLine="1"/>
      </Position3>
      <Position4>
        <Filename Value="..\frontendmanagers.pas"/>
        <Caret Line="164" Column="25" TopLine="141"/>
      </Position4>
      <Position5>
        <Filename Value="..\frontendmanagers.pas"/>
        <Caret Line="170" Column="17" TopLine="157"/>
      </Position5>
      <Position6>
        <Filename Value="..\frontendmanagers.pas"/>
        <Caret Line="79" Column="15" TopLine="51"/>
      </Position6>
      <Position7>
        <Filename Value="..\specialcommands.pas"/>
        <Caret Line="1" Column="1" TopLine="1"/>
      </Position7>
      <Position8>
        <Filename Value="..\computationthreads.pas"/>
        <Caret Line="1" Column="1" TopLine="1"/>
      </Position8>
      <Position9>
        <Filename Value="..\methodcontrollers.pas"/>
        <Caret Line="1" Column="1" TopLine="1"/>
      </Position9>
      <Position10>
        <Filename Value="..\methodcontrollers.pas"/>
        <Caret Line="16" Column="34" TopLine="1"/>
      </Position10>
      <Position11>
        <Filename Value="..\methodcontrollers.pas"/>
        <Caret Line="15" Column="34" TopLine="1"/>
      </Position11>
      <Position12>
        <Filename Value="..\methodcontrollers.pas"/>
        <Caret Line="16" Column="14" TopLine="1"/>
      </Position12>
      <Position13>
        <Filename Value="..\methodcontrollers.pas"/>
        <Caret Line="25" Column="55" TopLine="9"/>
      </Position13>
      <Position14>
        <Filename Value="..\methodcontrollers.pas"/>
        <Caret Line="80" Column="45" TopLine="64"/>
      </Position14>
      <Position15>
        <Filename Value="..\methodcontrollers.pas"/>
        <Caret Line="25" Column="54" TopLine="17"/>
      </Position15>
      <Position16>
        <Filename Value="..\methodcontrollers.pas"/>
        <Caret Line="72" Column="45" TopLine="56"/>
      </Position16>
      <Position17>
        <Filename Value="..\methodcontrollers.pas"/>
        <Caret Line="74" Column="30" TopLine="58"/>
      </Position17>
      <Position18>
        <Filename Value="..\methodcontrollers.pas"/>
        <Caret Line="43" Column="16" TopLine="15"/>
      </Position18>
      <Position19>
        <Filename Value="..\methodcontrollers.pas"/>
        <Caret Line="84" Column="14" TopLine="59"/>
      </Position19>
      <Position20>
        <Filename Value="..\methodcontrollers.pas"/>
        <Caret Line="122" Column="29" TopLine="97"/>
      </Position20>
      <Position21>
        <Filename Value="..\computationthreads.pas"/>
        <Caret Line="1" Column="25" TopLine="1"/>
      </Position21>
      <Position22>
        <Filename Value="..\computationthreads.pas"/>
        <Caret Line="12" Column="15" TopLine="1"/>
      </Position22>
      <Position23>
        <Filename Value="..\computationthreads.pas"/>
        <Caret Line="13" Column="45" TopLine="1"/>
      </Position23>
      <Position24>
        <Filename Value="..\coremodules.pas"/>
        <Caret Line="4" Column="18" TopLine="1"/>
      </Position24>
      <Position25>
        <Filename Value="..\coremodules.pas"/>
        <Caret Line="9" Column="45" TopLine="1"/>
      </Position25>
      <Position26>
        <Filename Value="..\coremodules.pas"/>
        <Caret Line="41" Column="93" TopLine="17"/>
      </Position26>
      <Position27>
        <Filename Value="..\specialcommands.pas"/>
        <Caret Line="13" Column="63" TopLine="3"/>
      </Position27>
      <Position28>
        <Filename Value="..\specialcommands.pas"/>
        <Caret Line="14" Column="23" TopLine="1"/>
      </Position28>
      <Position29>
        <Filename Value="..\specialcommands.pas"/>
        <Caret Line="40" Column="79" TopLine="37"/>
      </Position29>
      <Position30>
        <Filename Value="..\resultcollectors.pas"/>
        <Caret Line="1" Column="1" TopLine="1"/>
      </Position30>
    </JumpHistory>
  </ProjectOptions>
  <CompilerOptions>
    <Version Value="8"/>
    <PathDelim Value="\"/>
    <SearchPaths>
      <IncludeFiles Value="$(ProjOutDir)\"/>
      <OtherUnitFiles Value="..\;..\..\..\..\lib\own\misc\"/>
      <UnitOutputDirectory Value="..\..\..\..\..\..\bin"/>
    </SearchPaths>
    <Other>
      <CompilerPath Value="$(CompPath)"/>
    </Other>
  </CompilerOptions>
  <Debugging>
    <Exceptions Count="3">
      <Item1>
        <Name Value="EAbort"/>
      </Item1>
      <Item2>
        <Name Value="ECodetoolError"/>
      </Item2>
      <Item3>
        <Name Value="EFOpenError"/>
      </Item3>
    </Exceptions>
  </Debugging>
</CONFIG>
