<?xml version="1.0"?>
<CONFIG>
  <ProjectOptions>
    <PathDelim Value="\"/>
    <Version Value="6"/>
    <General>
      <MainUnit Value="0"/>
      <IconPath Value="./"/>
      <TargetFileExt Value=".exe"/>
      <ActiveEditorIndexAtStart Value="1"/>
    </General>
    <VersionInfo>
      <ProjectVersion Value=""/>
      <Language Value=""/>
      <CharSet Value=""/>
    </VersionInfo>
    <PublishOptions>
      <Version Value="2"/>
      <IgnoreBinaries Value="False"/>
      <IncludeFileFilter Value="*.(pas|pp|inc|lfm|lpr|lrs|lpi|lpk|sh|xml)"/>
      <ExcludeFileFilter Value="*.(bak|ppu|ppw|o|so);*~;backup"/>
    </PublishOptions>
    <RunParams>
      <local>
        <FormatVersion Value="1"/>
        <LaunchingApplication PathPlusParams="/usr/X11R6/bin/xterm -T 'Lazarus Run Output' -e $(LazarusDir)/tools/runwait.sh $(TargetCmdLine)"/>
      </local>
    </RunParams>
    <RequiredPackages Count="1">
      <Item1>
        <PackageName Value="LCL"/>
      </Item1>
    </RequiredPackages>
    <Units Count="3">
      <Unit0>
        <Filename Value="testEnergyFlow.dpr"/>
        <IsPartOfProject Value="True"/>
        <CursorPos X="15" Y="159"/>
        <TopLine Value="117"/>
        <EditorIndex Value="0"/>
        <UsageCount Value="20"/>
        <Loaded Value="True"/>
      </Unit0>
      <Unit1>
        <Filename Value="..\initmodel.pas"/>
        <UnitName Value="initmodel"/>
        <CursorPos X="26" Y="69"/>
        <TopLine Value="49"/>
        <EditorIndex Value="1"/>
        <UsageCount Value="10"/>
        <Loaded Value="True"/>
      </Unit1>
      <Unit2>
        <Filename Value="C:\lazarus\lcl\include\winapi.inc"/>
        <CursorPos X="1" Y="305"/>
        <TopLine Value="283"/>
        <UsageCount Value="10"/>
      </Unit2>
    </Units>
    <JumpHistory Count="7" HistoryIndex="6">
      <Position1>
        <Filename Value="testEnergyFlow.dpr"/>
        <Caret Line="6" Column="13" TopLine="1"/>
      </Position1>
      <Position2>
        <Filename Value="testEnergyFlow.dpr"/>
        <Caret Line="19" Column="72" TopLine="1"/>
      </Position2>
      <Position3>
        <Filename Value="testEnergyFlow.dpr"/>
        <Caret Line="6" Column="65" TopLine="1"/>
      </Position3>
      <Position4>
        <Filename Value="testEnergyFlow.dpr"/>
        <Caret Line="159" Column="15" TopLine="117"/>
      </Position4>
      <Position5>
        <Filename Value="..\initmodel.pas"/>
        <Caret Line="71" Column="1" TopLine="49"/>
      </Position5>
      <Position6>
        <Filename Value="..\initmodel.pas"/>
        <Caret Line="69" Column="27" TopLine="48"/>
      </Position6>
      <Position7>
        <Filename Value="..\initmodel.pas"/>
        <Caret Line="71" Column="1" TopLine="49"/>
      </Position7>
    </JumpHistory>
  </ProjectOptions>
  <CompilerOptions>
    <Version Value="8"/>
    <PathDelim Value="\"/>
    <SearchPaths>
      <OtherUnitFiles Value="..\"/>
      <UnitOutputDirectory Value="..\..\..\bin"/>
    </SearchPaths>
    <Parsing>
      <SyntaxOptions>
        <CStyleOperator Value="False"/>
      </SyntaxOptions>
    </Parsing>
    <Linking>
      <Options>
        <Win32>
          <GraphicApplication Value="True"/>
        </Win32>
      </Options>
    </Linking>
    <Other>
      <CompilerPath Value="$(CompPath)"/>
    </Other>
  </CompilerOptions>
  <Debugging>
    <Exceptions Count="2">
      <Item1>
        <Name Value="ECodetoolError"/>
      </Item1>
      <Item2>
        <Name Value="EFOpenError"/>
      </Item2>
    </Exceptions>
  </Debugging>
</CONFIG>
