<?xml version="1.0"?>
<CONFIG>
  <ProjectOptions>
    <PathDelim Value="\"/>
    <Version Value="6"/>
    <General>
      <MainUnit Value="0"/>
      <IconPath Value="./"/>
      <TargetFileExt Value=".exe"/>
      <ActiveEditorIndexAtStart Value="0"/>
    </General>
    <VersionInfo>
      <ProjectVersion Value=""/>
      <Language Value=""/>
      <CharSet Value=""/>
    </VersionInfo>
    <PublishOptions>
      <Version Value="2"/>
      <IgnoreBinaries Value="False"/>
      <IncludeFileFilter Value="*.(pas|pp|inc|lfm|lpr|lrs|lpi|lpk|sh|xml)"/>
      <ExcludeFileFilter Value="*.(bak|ppu|ppw|o|so);*~;backup"/>
    </PublishOptions>
    <RunParams>
      <local>
        <FormatVersion Value="1"/>
        <LaunchingApplication PathPlusParams="/usr/X11R6/bin/xterm -T 'Lazarus Run Output' -e $(LazarusDir)/tools/runwait.sh $(TargetCmdLine)"/>
      </local>
    </RunParams>
    <RequiredPackages Count="1">
      <Item1>
        <PackageName Value="LCL"/>
      </Item1>
    </RequiredPackages>
    <Units Count="4">
      <Unit0>
        <Filename Value="testSteamMovements.dpr"/>
        <IsPartOfProject Value="True"/>
        <CursorPos X="35" Y="36"/>
        <TopLine Value="1"/>
        <EditorIndex Value="0"/>
        <UsageCount Value="20"/>
        <Loaded Value="True"/>
      </Unit0>
      <Unit1>
        <Filename Value="..\statechanges.pas"/>
        <UnitName Value="statechanges"/>
        <CursorPos X="1" Y="1"/>
        <TopLine Value="1"/>
        <EditorIndex Value="3"/>
        <UsageCount Value="10"/>
        <Loaded Value="True"/>
      </Unit1>
      <Unit2>
        <Filename Value="..\plotblueball.pas"/>
        <UnitName Value="plotBlueBall"/>
        <CursorPos X="1" Y="1"/>
        <TopLine Value="1"/>
        <EditorIndex Value="2"/>
        <UsageCount Value="10"/>
        <Loaded Value="True"/>
      </Unit2>
      <Unit3>
        <Filename Value="..\flux.pas"/>
        <UnitName Value="flux"/>
        <CursorPos X="31" Y="12"/>
        <TopLine Value="1"/>
        <EditorIndex Value="1"/>
        <UsageCount Value="10"/>
        <Loaded Value="True"/>
      </Unit3>
    </Units>
    <JumpHistory Count="8" HistoryIndex="7">
      <Position1>
        <Filename Value="testSteamMovements.dpr"/>
        <Caret Line="6" Column="13" TopLine="1"/>
      </Position1>
      <Position2>
        <Filename Value="testSteamMovements.dpr"/>
        <Caret Line="25" Column="53" TopLine="3"/>
      </Position2>
      <Position3>
        <Filename Value="testSteamMovements.dpr"/>
        <Caret Line="31" Column="18" TopLine="17"/>
      </Position3>
      <Position4>
        <Filename Value="testSteamMovements.dpr"/>
        <Caret Line="38" Column="29" TopLine="32"/>
      </Position4>
      <Position5>
        <Filename Value="testSteamMovements.dpr"/>
        <Caret Line="39" Column="25" TopLine="17"/>
      </Position5>
      <Position6>
        <Filename Value="testSteamMovements.dpr"/>
        <Caret Line="42" Column="39" TopLine="17"/>
      </Position6>
      <Position7>
        <Filename Value="testSteamMovements.dpr"/>
        <Caret Line="39" Column="49" TopLine="17"/>
      </Position7>
      <Position8>
        <Filename Value="testSteamMovements.dpr"/>
        <Caret Line="41" Column="128" TopLine="19"/>
      </Position8>
    </JumpHistory>
  </ProjectOptions>
  <CompilerOptions>
    <Version Value="8"/>
    <PathDelim Value="\"/>
    <SearchPaths>
      <OtherUnitFiles Value="..\"/>
      <UnitOutputDirectory Value="..\..\..\bin"/>
    </SearchPaths>
    <Parsing>
      <SyntaxOptions>
        <CStyleOperator Value="False"/>
      </SyntaxOptions>
    </Parsing>
    <Linking>
      <Options>
        <Win32>
          <GraphicApplication Value="True"/>
        </Win32>
      </Options>
    </Linking>
    <Other>
      <CompilerPath Value="$(CompPath)"/>
    </Other>
  </CompilerOptions>
  <Debugging>
    <Exceptions Count="2">
      <Item1>
        <Name Value="ECodetoolError"/>
      </Item1>
      <Item2>
        <Name Value="EFOpenError"/>
      </Item2>
    </Exceptions>
  </Debugging>
</CONFIG>
