<?xml version="1.0"?>
<CONFIG>
  <ProjectOptions>
    <Version Value="9"/>
    <PathDelim Value="\"/>
    <General>
      <Flags>
        <LRSInOutputDirectory Value="False"/>
      </Flags>
      <MainUnit Value="0"/>
      <Title Value="coremodulestests"/>
      <UseXPManifest Value="True"/>
      <ActiveWindowIndexAtStart Value="0"/>
    </General>
    <VersionInfo>
      <Language Value=""/>
      <CharSet Value=""/>
      <StringTable ProductVersion=""/>
    </VersionInfo>
    <BuildModes Count="1">
      <Item1 Name="default" Default="True"/>
    </BuildModes>
    <PublishOptions>
      <Version Value="2"/>
      <IgnoreBinaries Value="False"/>
      <IncludeFileFilter Value="*.(pas|pp|inc|lfm|lpr|lrs|lpi|lpk|sh|xml)"/>
      <ExcludeFileFilter Value="*.(bak|ppu|ppw|o|so);*~;backup"/>
    </PublishOptions>
    <RunParams>
      <local>
        <FormatVersion Value="1"/>
        <LaunchingApplication PathPlusParams="\usr\X11R6\bin\xterm -T 'Lazarus Run Output' -e $(LazarusDir)\tools\runwait.sh $(TargetCmdLine)"/>
      </local>
    </RunParams>
    <RequiredPackages Count="2">
      <Item1>
        <PackageName Value="FPCUnitConsoleRunner"/>
      </Item1>
      <Item2>
        <PackageName Value="FCL"/>
      </Item2>
    </RequiredPackages>
    <Units Count="48">
      <Unit0>
        <Filename Value="coremodulestests.pas"/>
        <IsPartOfProject Value="True"/>
        <UnitName Value="coremodulestests"/>
        <IsVisibleTab Value="True"/>
        <EditorIndex Value="1"/>
        <WindowIndex Value="0"/>
        <TopLine Value="1"/>
        <CursorPos X="47" Y="15"/>
        <UsageCount Value="52"/>
        <Loaded Value="True"/>
      </Unit0>
      <Unit1>
        <Filename Value="teststacks.pas"/>
        <IsPartOfProject Value="True"/>
        <UnitName Value="teststacks"/>
        <TopLine Value="68"/>
        <CursorPos X="5" Y="98"/>
        <UsageCount Value="52"/>
      </Unit1>
      <Unit2>
        <Filename Value="..\stacks.pas"/>
        <UnitName Value="stacks"/>
        <TopLine Value="1"/>
        <CursorPos X="35" Y="21"/>
        <UsageCount Value="19"/>
      </Unit2>
      <Unit3>
        <Filename Value="..\..\misc\common.pas"/>
        <UnitName Value="common"/>
        <TopLine Value="1"/>
        <CursorPos X="16" Y="1"/>
        <UsageCount Value="9"/>
      </Unit3>
      <Unit4>
        <Filename Value="..\frontendmanagers.pas"/>
        <UnitName Value="frontendmanagers"/>
        <TopLine Value="134"/>
        <CursorPos X="58" Y="164"/>
        <UsageCount Value="17"/>
      </Unit4>
      <Unit5>
        <Filename Value="..\formatsets.pas"/>
        <UnitName Value="formatsets"/>
        <TopLine Value="1"/>
        <CursorPos X="1" Y="14"/>
        <UsageCount Value="12"/>
      </Unit5>
      <Unit6>
        <Filename Value="..\..\..\..\..\..\..\..\lazarus\fpc\2.2.4\source\packages\fcl-fpcunit\src\testutils.pp"/>
        <UnitName Value="testutils"/>
        <TopLine Value="1"/>
        <CursorPos X="1" Y="1"/>
        <UsageCount Value="12"/>
      </Unit6>
      <Unit7>
        <Filename Value="testplugins.pas"/>
        <UnitName Value="testplugins"/>
        <TopLine Value="33"/>
        <CursorPos X="45" Y="63"/>
        <UsageCount Value="15"/>
      </Unit7>
      <Unit8>
        <Filename Value="..\plugins.pas"/>
        <UnitName Value="plugins"/>
        <TopLine Value="4"/>
        <CursorPos X="60" Y="27"/>
        <UsageCount Value="14"/>
      </Unit8>
      <Unit9>
        <Filename Value="..\pluginmanagers.pas"/>
        <UnitName Value="pluginmanagers"/>
        <TopLine Value="331"/>
        <CursorPos X="12" Y="346"/>
        <UsageCount Value="19"/>
      </Unit9>
      <Unit10>
        <Filename Value="testpluginmanagers.pas"/>
        <UnitName Value="testpluginmanagers"/>
        <WindowIndex Value="0"/>
        <TopLine Value="51"/>
        <CursorPos X="105" Y="87"/>
        <UsageCount Value="15"/>
      </Unit10>
      <Unit11>
        <Filename Value="testargretrievers.pas"/>
        <UnitName Value="testargretrievers"/>
        <TopLine Value="1"/>
        <CursorPos X="1" Y="22"/>
        <UsageCount Value="15"/>
      </Unit11>
      <Unit12>
        <Filename Value="..\argretrievers.pas"/>
        <UnitName Value="argretrievers"/>
        <TopLine Value="214"/>
        <CursorPos X="105" Y="244"/>
        <UsageCount Value="19"/>
      </Unit12>
      <Unit13>
        <Filename Value="..\..\misc\utils.pas"/>
        <UnitName Value="utils"/>
        <TopLine Value="1"/>
        <CursorPos X="5" Y="28"/>
        <UsageCount Value="12"/>
      </Unit13>
      <Unit14>
        <Filename Value="..\..\misc\identities.pas"/>
        <UnitName Value="identities"/>
        <WindowIndex Value="0"/>
        <TopLine Value="32"/>
        <CursorPos X="15" Y="68"/>
        <UsageCount Value="18"/>
      </Unit14>
      <Unit15>
        <Filename Value="..\specialcommands.pas"/>
        <UnitName Value="specialcommands"/>
        <WindowIndex Value="0"/>
        <TopLine Value="163"/>
        <CursorPos X="68" Y="187"/>
        <UsageCount Value="21"/>
      </Unit15>
      <Unit16>
        <Filename Value="..\computationthreads.pas"/>
        <UnitName Value="computationthreads"/>
        <WindowIndex Value="0"/>
        <TopLine Value="58"/>
        <CursorPos X="9" Y="69"/>
        <UsageCount Value="18"/>
      </Unit16>
      <Unit17>
        <Filename Value="..\methodcontrollers.pas"/>
        <UnitName Value="methodcontrollers"/>
        <TopLine Value="84"/>
        <CursorPos X="26" Y="133"/>
        <UsageCount Value="20"/>
      </Unit17>
      <Unit18>
        <Filename Value="..\coremodules.pas"/>
        <IsPartOfProject Value="True"/>
        <UnitName Value="coremodules"/>
        <WindowIndex Value="0"/>
        <TopLine Value="29"/>
        <CursorPos X="6" Y="37"/>
        <UsageCount Value="51"/>
      </Unit18>
      <Unit19>
        <Filename Value="..\downloadthreadmanagers.pas"/>
        <UnitName Value="downloadthreadmanagers"/>
        <TopLine Value="55"/>
        <CursorPos X="99" Y="81"/>
        <UsageCount Value="19"/>
      </Unit19>
      <Unit20>
        <Filename Value="..\resultcollectors.pas"/>
        <UnitName Value="resultcollectors"/>
        <WindowIndex Value="0"/>
        <TopLine Value="13"/>
        <CursorPos X="48" Y="135"/>
        <UsageCount Value="15"/>
      </Unit20>
      <Unit21>
        <Filename Value="..\gpuparsers.pas"/>
        <UnitName Value="gpuparsers"/>
        <TopLine Value="1"/>
        <CursorPos X="4" Y="30"/>
        <UsageCount Value="11"/>
      </Unit21>
      <Unit22>
        <Filename Value="..\gpuconstants.pas"/>
        <UnitName Value="gpuconstants"/>
        <TopLine Value="44"/>
        <CursorPos X="1" Y="1"/>
        <UsageCount Value="9"/>
      </Unit22>
      <Unit23>
        <Filename Value="..\jobs.pas"/>
        <UnitName Value="jobs"/>
        <WindowIndex Value="0"/>
        <TopLine Value="24"/>
        <CursorPos X="28" Y="41"/>
        <UsageCount Value="10"/>
      </Unit23>
      <Unit24>
        <Filename Value="..\..\misc\loggers.pas"/>
        <UnitName Value="loggers"/>
        <TopLine Value="5"/>
        <CursorPos X="4" Y="21"/>
        <UsageCount Value="13"/>
      </Unit24>
      <Unit25>
        <Filename Value="..\stkconstants.pas"/>
        <UnitName Value="stkconstants"/>
        <WindowIndex Value="0"/>
        <TopLine Value="62"/>
        <CursorPos X="39" Y="86"/>
        <UsageCount Value="15"/>
      </Unit25>
      <Unit26>
        <Filename Value="coremodulestests.lpi"/>
        <TopLine Value="1"/>
        <CursorPos X="1" Y="1"/>
        <SyntaxHighlighter Value="XML"/>
        <UsageCount Value="10"/>
      </Unit26>
      <Unit27>
        <Filename Value="testmethodcontrollers.pas"/>
        <UnitName Value="testmethodcontrollers"/>
        <TopLine Value="31"/>
        <CursorPos X="92" Y="61"/>
        <UsageCount Value="11"/>
      </Unit27>
      <Unit28>
        <Filename Value="..\jobparsers.pas"/>
        <UnitName Value="jobparsers"/>
        <WindowIndex Value="0"/>
        <TopLine Value="54"/>
        <CursorPos X="22" Y="76"/>
        <UsageCount Value="11"/>
      </Unit28>
      <Unit29>
        <Filename Value="testresultcollectors.pas"/>
        <IsPartOfProject Value="True"/>
        <UnitName Value="testresultcollectors"/>
        <TopLine Value="19"/>
        <CursorPos X="65" Y="47"/>
        <UsageCount Value="33"/>
      </Unit29>
      <Unit30>
        <Filename Value="testfrontendmanagers.pas"/>
        <IsPartOfProject Value="True"/>
        <UnitName Value="testfrontendmanagers"/>
        <TopLine Value="27"/>
        <CursorPos X="43" Y="50"/>
        <UsageCount Value="32"/>
      </Unit30>
      <Unit31>
        <Filename Value="testthreadmanagers.pas"/>
        <UnitName Value="testthreadmanagers"/>
        <TopLine Value="38"/>
        <CursorPos X="95" Y="49"/>
        <UsageCount Value="11"/>
      </Unit31>
      <Unit32>
        <Filename Value="..\managedthreads.pas"/>
        <IsPartOfProject Value="True"/>
        <UnitName Value="managedthreads"/>
        <WindowIndex Value="0"/>
        <TopLine Value="1"/>
        <CursorPos X="38" Y="23"/>
        <UsageCount Value="30"/>
      </Unit32>
      <Unit33>
        <Filename Value="..\downloadthreads.pas"/>
        <UnitName Value="downloadthreads"/>
        <WindowIndex Value="0"/>
        <TopLine Value="1"/>
        <CursorPos X="12" Y="71"/>
        <UsageCount Value="13"/>
      </Unit33>
      <Unit34>
        <Filename Value="testcomputationthreads.pas"/>
        <UnitName Value="testcomputationthreads"/>
        <TopLine Value="25"/>
        <CursorPos X="88" Y="27"/>
        <UsageCount Value="12"/>
      </Unit34>
      <Unit35>
        <Filename Value="..\threadmanagers.pas"/>
        <UnitName Value="threadmanagers"/>
        <WindowIndex Value="0"/>
        <TopLine Value="55"/>
        <CursorPos X="19" Y="74"/>
        <UsageCount Value="12"/>
      </Unit35>
      <Unit36>
        <Filename Value="testdownloadthreads.pas"/>
        <UnitName Value="testdownloadthreads"/>
        <TopLine Value="1"/>
        <CursorPos X="127" Y="31"/>
        <UsageCount Value="11"/>
      </Unit36>
      <Unit37>
        <Filename Value="..\compthreadmanagers.pas"/>
        <UnitName Value="compthreadmanagers"/>
        <WindowIndex Value="0"/>
        <TopLine Value="20"/>
        <CursorPos X="40" Y="49"/>
        <UsageCount Value="11"/>
      </Unit37>
      <Unit38>
        <Filename Value="..\..\..\ext\synapse\src\demo\FreePascal\testhttp.pas"/>
        <UnitName Value="testhttp"/>
        <TopLine Value="1"/>
        <CursorPos X="35" Y="23"/>
        <UsageCount Value="10"/>
      </Unit38>
      <Unit39>
        <Filename Value="testcompthreadmanagers.pas"/>
        <UnitName Value="testcompthreadmanagers"/>
        <WindowIndex Value="0"/>
        <TopLine Value="44"/>
        <CursorPos X="23" Y="68"/>
        <UsageCount Value="10"/>
      </Unit39>
      <Unit40>
        <Filename Value="testconstants.pas"/>
        <UnitName Value="testconstants"/>
        <WindowIndex Value="0"/>
        <TopLine Value="1"/>
        <CursorPos X="3" Y="14"/>
        <UsageCount Value="11"/>
      </Unit40>
      <Unit41>
        <Filename Value="..\..\..\..\..\..\..\backup\fileschanged.txt"/>
        <TopLine Value="1"/>
        <CursorPos X="16" Y="4"/>
        <SyntaxHighlighter Value="None"/>
        <UsageCount Value="11"/>
      </Unit41>
      <Unit42>
        <Filename Value="..\..\misc\downloadutils.pas"/>
        <UnitName Value="downloadutils"/>
        <WindowIndex Value="0"/>
        <TopLine Value="1"/>
        <CursorPos X="58" Y="4"/>
        <UsageCount Value="11"/>
      </Unit42>
      <Unit43>
        <Filename Value="..\..\coreservices\servicefactories.pas"/>
        <UnitName Value="servicefactories"/>
        <WindowIndex Value="0"/>
        <TopLine Value="9"/>
        <CursorPos X="35" Y="19"/>
        <UsageCount Value="10"/>
      </Unit43>
      <Unit44>
        <Filename Value="..\..\..\..\core\coreloops.pas"/>
        <UnitName Value="coreloops"/>
        <WindowIndex Value="0"/>
        <TopLine Value="1"/>
        <CursorPos X="1" Y="1"/>
        <UsageCount Value="10"/>
      </Unit44>
      <Unit45>
        <Filename Value="..\coreobjects.pas"/>
        <UnitName Value="coreobjects"/>
        <WindowIndex Value="0"/>
        <TopLine Value="1"/>
        <CursorPos X="4" Y="23"/>
        <UsageCount Value="10"/>
      </Unit45>
      <Unit46>
        <Filename Value="..\uploadthreadmanagers.pas"/>
        <UnitName Value="uploadthreadmanagers"/>
        <WindowIndex Value="0"/>
        <TopLine Value="1"/>
        <CursorPos X="93" Y="14"/>
        <UsageCount Value="10"/>
      </Unit46>
      <Unit47>
        <Filename Value="testuploadthreadmanagers.pas"/>
        <UnitName Value="testuploadthreadmanagers"/>
        <EditorIndex Value="0"/>
        <WindowIndex Value="0"/>
        <TopLine Value="1"/>
        <CursorPos X="1" Y="1"/>
        <UsageCount Value="10"/>
        <Loaded Value="True"/>
      </Unit47>
    </Units>
    <JumpHistory Count="1" HistoryIndex="0">
      <Position1>
        <Filename Value="coremodulestests.pas"/>
        <Caret Line="14" Column="66" TopLine="1"/>
      </Position1>
    </JumpHistory>
  </ProjectOptions>
  <CompilerOptions>
    <Version Value="11"/>
    <PathDelim Value="\"/>
    <SearchPaths>
      <IncludeFiles Value="$(ProjOutDir)"/>
      <OtherUnitFiles Value="..;..\..\..\..\lib\own\misc;..\..\..\..\lib\ext\synapse\src\lib;..\..\..\..\lib\own\coreservices"/>
      <UnitOutputDirectory Value="..\..\..\..\..\..\bin"/>
    </SearchPaths>
    <Parsing>
      <SyntaxOptions>
        <CStyleOperator Value="False"/>
        <UseAnsiStrings Value="False"/>
      </SyntaxOptions>
    </Parsing>
    <Other>
      <CompilerPath Value="$(CompPath)"/>
    </Other>
  </CompilerOptions>
  <Debugging>
    <Exceptions Count="3">
      <Item1>
        <Name Value="EAbort"/>
      </Item1>
      <Item2>
        <Name Value="ECodetoolError"/>
      </Item2>
      <Item3>
        <Name Value="EFOpenError"/>
      </Item3>
    </Exceptions>
  </Debugging>
</CONFIG>
